// !$*UTF8*$!
{
	archiveVersion = 1;
	classes = {
	};
	objectVersion = 50;
	objects = {

/* Begin PBXBuildFile section */
		0F4CD4BD24E2D3EE00A563E4 /* Vocabulary.storyboard in Resources */ = {isa = PBXBuildFile; fileRef = 0F4CD4BB24E2D3EE00A563E4 /* Vocabulary.storyboard */; };
		0F4CD4C124E2D45700A563E4 /* VocabularyDetailVC.swift in Sources */ = {isa = PBXBuildFile; fileRef = 0F4CD4BF24E2D45700A563E4 /* VocabularyDetailVC.swift */; };
		0F4CD4C224E2D45700A563E4 /* VocabularyVC.swift in Sources */ = {isa = PBXBuildFile; fileRef = 0F4CD4C024E2D45700A563E4 /* VocabularyVC.swift */; };
		0F4CD4D024E2D5F400A563E4 /* vocabCategoryDetailsCell.swift in Sources */ = {isa = PBXBuildFile; fileRef = 0F4CD4CD24E2D5F400A563E4 /* vocabCategoryDetailsCell.swift */; };
		0F4CD4D124E2D5F400A563E4 /* vocabularyCategoryCell.swift in Sources */ = {isa = PBXBuildFile; fileRef = 0F4CD4CE24E2D5F400A563E4 /* vocabularyCategoryCell.swift */; };
		0F4CD4D224E2D5F400A563E4 /* vocabularyCategoryCell.xib in Resources */ = {isa = PBXBuildFile; fileRef = 0F4CD4CF24E2D5F400A563E4 /* vocabularyCategoryCell.xib */; };
		5A88367124D905550044F1EA /* AppDelegate.swift in Sources */ = {isa = PBXBuildFile; fileRef = 5A88367024D905550044F1EA /* AppDelegate.swift */; };
		5A88367324D905550044F1EA /* SceneDelegate.swift in Sources */ = {isa = PBXBuildFile; fileRef = 5A88367224D905550044F1EA /* SceneDelegate.swift */; };
		5A88367824D905550044F1EA /* Main.storyboard in Resources */ = {isa = PBXBuildFile; fileRef = 5A88367624D905550044F1EA /* Main.storyboard */; };
		5A88367A24D905570044F1EA /* Assets.xcassets in Resources */ = {isa = PBXBuildFile; fileRef = 5A88367924D905570044F1EA /* Assets.xcassets */; };
		5A88367D24D905570044F1EA /* LaunchScreen.storyboard in Resources */ = {isa = PBXBuildFile; fileRef = 5A88367B24D905570044F1EA /* LaunchScreen.storyboard */; };
		5A88369024D908D50044F1EA /* Profile.storyboard in Resources */ = {isa = PBXBuildFile; fileRef = 5A88368F24D908D50044F1EA /* Profile.storyboard */; };
		5A88369924D90D3F0044F1EA /* ProfileVC.swift in Sources */ = {isa = PBXBuildFile; fileRef = 5A88369824D90D3F0044F1EA /* ProfileVC.swift */; };
		5A9ED9E224E0FA4F00BE1200 /* ChatChallenge.swift in Sources */ = {isa = PBXBuildFile; fileRef = 5A9ED9E124E0FA4F00BE1200 /* ChatChallenge.swift */; };
		5A9ED9E424E0FB0B00BE1200 /* ListeningChallenge.swift in Sources */ = {isa = PBXBuildFile; fileRef = 5A9ED9E324E0FB0B00BE1200 /* ListeningChallenge.swift */; };
		5A9ED9E624E0FB5400BE1200 /* Location.swift in Sources */ = {isa = PBXBuildFile; fileRef = 5A9ED9E524E0FB5400BE1200 /* Location.swift */; };
		5A9ED9E824E0FBEB00BE1200 /* RandomTip.swift in Sources */ = {isa = PBXBuildFile; fileRef = 5A9ED9E724E0FBEB00BE1200 /* RandomTip.swift */; };
		5A9ED9EA24E0FCF900BE1200 /* Reward.swift in Sources */ = {isa = PBXBuildFile; fileRef = 5A9ED9E924E0FCF900BE1200 /* Reward.swift */; };
		5A9ED9EC24E0FDAE00BE1200 /* Subtopic.swift in Sources */ = {isa = PBXBuildFile; fileRef = 5A9ED9EB24E0FDAE00BE1200 /* Subtopic.swift */; };
		5A9ED9EE24E0FE1300BE1200 /* Topic.swift in Sources */ = {isa = PBXBuildFile; fileRef = 5A9ED9ED24E0FE1300BE1200 /* Topic.swift */; };
		5A9ED9F024E0FFD000BE1200 /* Vocabulary.swift in Sources */ = {isa = PBXBuildFile; fileRef = 5A9ED9EF24E0FFD000BE1200 /* Vocabulary.swift */; };
		5A9ED9F424E1016B00BE1200 /* VocabularyChallenge.swift in Sources */ = {isa = PBXBuildFile; fileRef = 5A9ED9F324E1016B00BE1200 /* VocabularyChallenge.swift */; };
		5A9ED9F624E1021B00BE1200 /* VocabularyCategory.swift in Sources */ = {isa = PBXBuildFile; fileRef = 5A9ED9F524E1021B00BE1200 /* VocabularyCategory.swift */; };
		5A9EDA0124E1044900BE1200 /* VocabularyChallenge.json in Resources */ = {isa = PBXBuildFile; fileRef = 5A9ED9F724E1044900BE1200 /* VocabularyChallenge.json */; };
		5A9EDA0224E1044900BE1200 /* RandomTip.json in Resources */ = {isa = PBXBuildFile; fileRef = 5A9ED9F824E1044900BE1200 /* RandomTip.json */; };
		5A9EDA0324E1044900BE1200 /* Subtopic.json in Resources */ = {isa = PBXBuildFile; fileRef = 5A9ED9F924E1044900BE1200 /* Subtopic.json */; };
		5A9EDA0424E1044900BE1200 /* ChatChallenge.json in Resources */ = {isa = PBXBuildFile; fileRef = 5A9ED9FA24E1044900BE1200 /* ChatChallenge.json */; };
		5A9EDA0524E1044900BE1200 /* ListeningChallenge.json in Resources */ = {isa = PBXBuildFile; fileRef = 5A9ED9FB24E1044900BE1200 /* ListeningChallenge.json */; };
		5A9EDA0624E1044900BE1200 /* Location.json in Resources */ = {isa = PBXBuildFile; fileRef = 5A9ED9FC24E1044900BE1200 /* Location.json */; };
		5A9EDA0724E1044900BE1200 /* Topic.json in Resources */ = {isa = PBXBuildFile; fileRef = 5A9ED9FD24E1044900BE1200 /* Topic.json */; };
		5A9EDA0824E1044900BE1200 /* VocabularyCategory.json in Resources */ = {isa = PBXBuildFile; fileRef = 5A9ED9FE24E1044900BE1200 /* VocabularyCategory.json */; };
		5A9EDA0924E1044900BE1200 /* Vocabulary.json in Resources */ = {isa = PBXBuildFile; fileRef = 5A9ED9FF24E1044900BE1200 /* Vocabulary.json */; };
		5A9EDA0A24E1044900BE1200 /* Reward.json in Resources */ = {isa = PBXBuildFile; fileRef = 5A9EDA0024E1044900BE1200 /* Reward.json */; };
		5A9EDA0D24E105C700BE1200 /* DataLoader.swift in Sources */ = {isa = PBXBuildFile; fileRef = 5A9EDA0C24E105C700BE1200 /* DataLoader.swift */; };
		5AE13E0424E2800F003A077E /* Lesson.storyboard in Resources */ = {isa = PBXBuildFile; fileRef = 5AE13E0324E2800F003A077E /* Lesson.storyboard */; };
		5AE13E0624E280A4003A077E /* LessonVC.swift in Sources */ = {isa = PBXBuildFile; fileRef = 5AE13E0524E280A4003A077E /* LessonVC.swift */; };
		E92092BB24E191E7006D254A /* RewardViewController.swift in Sources */ = {isa = PBXBuildFile; fileRef = E92092BA24E191E7006D254A /* RewardViewController.swift */; };
		E92092BD24E1A1C7006D254A /* RewardTableViewCell.swift in Sources */ = {isa = PBXBuildFile; fileRef = E92092BC24E1A1C7006D254A /* RewardTableViewCell.swift */; };
		E92092BF24E1A32E006D254A /* Reward.storyboard in Resources */ = {isa = PBXBuildFile; fileRef = E92092BE24E1A32E006D254A /* Reward.storyboard */; };
		E92092C124E1BD62006D254A /* RewardListViewController.swift in Sources */ = {isa = PBXBuildFile; fileRef = E92092C024E1BD62006D254A /* RewardListViewController.swift */; };
		E92092C324E1BE8A006D254A /* RewardListTableViewCell.swift in Sources */ = {isa = PBXBuildFile; fileRef = E92092C224E1BE8A006D254A /* RewardListTableViewCell.swift */; };
		E92092C524E1D863006D254A /* DetailRewardViewController.swift in Sources */ = {isa = PBXBuildFile; fileRef = E92092C424E1D863006D254A /* DetailRewardViewController.swift */; };
/* End PBXBuildFile section */

/* Begin PBXFileReference section */
		0F4CD4BB24E2D3EE00A563E4 /* Vocabulary.storyboard */ = {isa = PBXFileReference; fileEncoding = 4; lastKnownFileType = file.storyboard; name = Vocabulary.storyboard; path = "../../../../../../../Downloads/locla-page-tab-kosakata/Locla/View/Vocabulary/Vocabulary.storyboard"; sourceTree = "<group>"; };
		0F4CD4BF24E2D45700A563E4 /* VocabularyDetailVC.swift */ = {isa = PBXFileReference; fileEncoding = 4; lastKnownFileType = sourcecode.swift; name = VocabularyDetailVC.swift; path = "../../../../../../../Downloads/locla-page-tab-kosakata/Locla/Controller/Vocabulary/VocabularyDetailVC.swift"; sourceTree = "<group>"; };
		0F4CD4C024E2D45700A563E4 /* VocabularyVC.swift */ = {isa = PBXFileReference; fileEncoding = 4; lastKnownFileType = sourcecode.swift; name = VocabularyVC.swift; path = "../../../../../../../Downloads/locla-page-tab-kosakata/Locla/Controller/Vocabulary/VocabularyVC.swift"; sourceTree = "<group>"; };
		0F4CD4CD24E2D5F400A563E4 /* vocabCategoryDetailsCell.swift */ = {isa = PBXFileReference; fileEncoding = 4; lastKnownFileType = sourcecode.swift; name = vocabCategoryDetailsCell.swift; path = "../../../../../../../../Downloads/locla-page-tab-kosakata/Locla/View/Vocabulary/Cells/vocabCategoryDetailsCell.swift"; sourceTree = "<group>"; };
		0F4CD4CE24E2D5F400A563E4 /* vocabularyCategoryCell.swift */ = {isa = PBXFileReference; fileEncoding = 4; lastKnownFileType = sourcecode.swift; name = vocabularyCategoryCell.swift; path = "../../../../../../../../Downloads/locla-page-tab-kosakata/Locla/View/Vocabulary/Cells/vocabularyCategoryCell.swift"; sourceTree = "<group>"; };
		0F4CD4CF24E2D5F400A563E4 /* vocabularyCategoryCell.xib */ = {isa = PBXFileReference; fileEncoding = 4; lastKnownFileType = file.xib; name = vocabularyCategoryCell.xib; path = "../../../../../../../../Downloads/locla-page-tab-kosakata/Locla/View/Vocabulary/Cells/vocabularyCategoryCell.xib"; sourceTree = "<group>"; };
		5A88366D24D905550044F1EA /* Locla.app */ = {isa = PBXFileReference; explicitFileType = wrapper.application; includeInIndex = 0; path = Locla.app; sourceTree = BUILT_PRODUCTS_DIR; };
		5A88367024D905550044F1EA /* AppDelegate.swift */ = {isa = PBXFileReference; lastKnownFileType = sourcecode.swift; path = AppDelegate.swift; sourceTree = "<group>"; };
		5A88367224D905550044F1EA /* SceneDelegate.swift */ = {isa = PBXFileReference; lastKnownFileType = sourcecode.swift; path = SceneDelegate.swift; sourceTree = "<group>"; };
		5A88367724D905550044F1EA /* Base */ = {isa = PBXFileReference; lastKnownFileType = file.storyboard; name = Base; path = Base.lproj/Main.storyboard; sourceTree = "<group>"; };
		5A88367924D905570044F1EA /* Assets.xcassets */ = {isa = PBXFileReference; lastKnownFileType = folder.assetcatalog; path = Assets.xcassets; sourceTree = "<group>"; };
		5A88367C24D905570044F1EA /* Base */ = {isa = PBXFileReference; lastKnownFileType = file.storyboard; name = Base; path = Base.lproj/LaunchScreen.storyboard; sourceTree = "<group>"; };
		5A88367E24D905570044F1EA /* Info.plist */ = {isa = PBXFileReference; lastKnownFileType = text.plist.xml; path = Info.plist; sourceTree = "<group>"; };
		5A88368F24D908D50044F1EA /* Profile.storyboard */ = {isa = PBXFileReference; lastKnownFileType = file.storyboard; path = Profile.storyboard; sourceTree = "<group>"; };
		5A88369824D90D3F0044F1EA /* ProfileVC.swift */ = {isa = PBXFileReference; lastKnownFileType = sourcecode.swift; path = ProfileVC.swift; sourceTree = "<group>"; };
		5A9ED9E124E0FA4F00BE1200 /* ChatChallenge.swift */ = {isa = PBXFileReference; lastKnownFileType = sourcecode.swift; path = ChatChallenge.swift; sourceTree = "<group>"; };
		5A9ED9E324E0FB0B00BE1200 /* ListeningChallenge.swift */ = {isa = PBXFileReference; lastKnownFileType = sourcecode.swift; path = ListeningChallenge.swift; sourceTree = "<group>"; };
		5A9ED9E524E0FB5400BE1200 /* Location.swift */ = {isa = PBXFileReference; lastKnownFileType = sourcecode.swift; path = Location.swift; sourceTree = "<group>"; };
		5A9ED9E724E0FBEB00BE1200 /* RandomTip.swift */ = {isa = PBXFileReference; lastKnownFileType = sourcecode.swift; path = RandomTip.swift; sourceTree = "<group>"; };
		5A9ED9E924E0FCF900BE1200 /* Reward.swift */ = {isa = PBXFileReference; lastKnownFileType = sourcecode.swift; path = Reward.swift; sourceTree = "<group>"; };
		5A9ED9EB24E0FDAE00BE1200 /* Subtopic.swift */ = {isa = PBXFileReference; lastKnownFileType = sourcecode.swift; path = Subtopic.swift; sourceTree = "<group>"; };
		5A9ED9ED24E0FE1300BE1200 /* Topic.swift */ = {isa = PBXFileReference; lastKnownFileType = sourcecode.swift; path = Topic.swift; sourceTree = "<group>"; };
		5A9ED9EF24E0FFD000BE1200 /* Vocabulary.swift */ = {isa = PBXFileReference; lastKnownFileType = sourcecode.swift; path = Vocabulary.swift; sourceTree = "<group>"; };
		5A9ED9F324E1016B00BE1200 /* VocabularyChallenge.swift */ = {isa = PBXFileReference; lastKnownFileType = sourcecode.swift; path = VocabularyChallenge.swift; sourceTree = "<group>"; };
		5A9ED9F524E1021B00BE1200 /* VocabularyCategory.swift */ = {isa = PBXFileReference; lastKnownFileType = sourcecode.swift; path = VocabularyCategory.swift; sourceTree = "<group>"; };
		5A9ED9F724E1044900BE1200 /* VocabularyChallenge.json */ = {isa = PBXFileReference; fileEncoding = 4; lastKnownFileType = text.json; path = VocabularyChallenge.json; sourceTree = "<group>"; };
		5A9ED9F824E1044900BE1200 /* RandomTip.json */ = {isa = PBXFileReference; fileEncoding = 4; lastKnownFileType = text.json; path = RandomTip.json; sourceTree = "<group>"; };
		5A9ED9F924E1044900BE1200 /* Subtopic.json */ = {isa = PBXFileReference; fileEncoding = 4; lastKnownFileType = text.json; path = Subtopic.json; sourceTree = "<group>"; };
		5A9ED9FA24E1044900BE1200 /* ChatChallenge.json */ = {isa = PBXFileReference; fileEncoding = 4; lastKnownFileType = text.json; path = ChatChallenge.json; sourceTree = "<group>"; };
		5A9ED9FB24E1044900BE1200 /* ListeningChallenge.json */ = {isa = PBXFileReference; fileEncoding = 4; lastKnownFileType = text.json; path = ListeningChallenge.json; sourceTree = "<group>"; };
		5A9ED9FC24E1044900BE1200 /* Location.json */ = {isa = PBXFileReference; fileEncoding = 4; lastKnownFileType = text.json; path = Location.json; sourceTree = "<group>"; };
		5A9ED9FD24E1044900BE1200 /* Topic.json */ = {isa = PBXFileReference; fileEncoding = 4; lastKnownFileType = text.json; path = Topic.json; sourceTree = "<group>"; };
		5A9ED9FE24E1044900BE1200 /* VocabularyCategory.json */ = {isa = PBXFileReference; fileEncoding = 4; lastKnownFileType = text.json; path = VocabularyCategory.json; sourceTree = "<group>"; };
		5A9ED9FF24E1044900BE1200 /* Vocabulary.json */ = {isa = PBXFileReference; fileEncoding = 4; lastKnownFileType = text.json; path = Vocabulary.json; sourceTree = "<group>"; };
		5A9EDA0024E1044900BE1200 /* Reward.json */ = {isa = PBXFileReference; fileEncoding = 4; lastKnownFileType = text.json; path = Reward.json; sourceTree = "<group>"; };
		5A9EDA0C24E105C700BE1200 /* DataLoader.swift */ = {isa = PBXFileReference; lastKnownFileType = sourcecode.swift; path = DataLoader.swift; sourceTree = "<group>"; };
		5AE13E0324E2800F003A077E /* Lesson.storyboard */ = {isa = PBXFileReference; lastKnownFileType = file.storyboard; path = Lesson.storyboard; sourceTree = "<group>"; };
		5AE13E0524E280A4003A077E /* LessonVC.swift */ = {isa = PBXFileReference; lastKnownFileType = sourcecode.swift; path = LessonVC.swift; sourceTree = "<group>"; };
		E92092BA24E191E7006D254A /* RewardViewController.swift */ = {isa = PBXFileReference; lastKnownFileType = sourcecode.swift; path = RewardViewController.swift; sourceTree = "<group>"; };
		E92092BC24E1A1C7006D254A /* RewardTableViewCell.swift */ = {isa = PBXFileReference; lastKnownFileType = sourcecode.swift; path = RewardTableViewCell.swift; sourceTree = "<group>"; };
		E92092BE24E1A32E006D254A /* Reward.storyboard */ = {isa = PBXFileReference; lastKnownFileType = file.storyboard; path = Reward.storyboard; sourceTree = "<group>"; };
		E92092C024E1BD62006D254A /* RewardListViewController.swift */ = {isa = PBXFileReference; lastKnownFileType = sourcecode.swift; path = RewardListViewController.swift; sourceTree = "<group>"; };
		E92092C224E1BE8A006D254A /* RewardListTableViewCell.swift */ = {isa = PBXFileReference; lastKnownFileType = sourcecode.swift; path = RewardListTableViewCell.swift; sourceTree = "<group>"; };
		E92092C424E1D863006D254A /* DetailRewardViewController.swift */ = {isa = PBXFileReference; lastKnownFileType = sourcecode.swift; path = DetailRewardViewController.swift; sourceTree = "<group>"; };
/* End PBXFileReference section */

/* Begin PBXFrameworksBuildPhase section */
		5A88366A24D905550044F1EA /* Frameworks */ = {
			isa = PBXFrameworksBuildPhase;
			buildActionMask = 2147483647;
			files = (
			);
			runOnlyForDeploymentPostprocessing = 0;
		};
/* End PBXFrameworksBuildPhase section */

/* Begin PBXGroup section */
		0F4CD4C924E2D50100A563E4 /* Cell */ = {
			isa = PBXGroup;
			children = (
				0F4CD4CD24E2D5F400A563E4 /* vocabCategoryDetailsCell.swift */,
				0F4CD4CE24E2D5F400A563E4 /* vocabularyCategoryCell.swift */,
				0F4CD4CF24E2D5F400A563E4 /* vocabularyCategoryCell.xib */,
			);
			path = Cell;
			sourceTree = "<group>";
		};
		5A88366424D905550044F1EA = {
			isa = PBXGroup;
			children = (
				5A88366F24D905550044F1EA /* Locla */,
				5A88366E24D905550044F1EA /* Products */,
			);
			sourceTree = "<group>";
		};
		5A88366E24D905550044F1EA /* Products */ = {
			isa = PBXGroup;
			children = (
				5A88366D24D905550044F1EA /* Locla.app */,
			);
			name = Products;
			sourceTree = "<group>";
		};
		5A88366F24D905550044F1EA /* Locla */ = {
			isa = PBXGroup;
			children = (
				5A9EDA0B24E1055000BE1200 /* Util */,
				5A9ED9C824E0ED3B00BE1200 /* JSON */,
				5A88368724D905DF0044F1EA /* Controller */,
				5A88368624D905CF0044F1EA /* View */,
				5A88368424D905C00044F1EA /* Model */,
				5A88367024D905550044F1EA /* AppDelegate.swift */,
				5A88367224D905550044F1EA /* SceneDelegate.swift */,
				5A88367924D905570044F1EA /* Assets.xcassets */,
				5A88367B24D905570044F1EA /* LaunchScreen.storyboard */,
				5A88367E24D905570044F1EA /* Info.plist */,
			);
			path = Locla;
			sourceTree = "<group>";
		};
		5A88368424D905C00044F1EA /* Model */ = {
			isa = PBXGroup;
			children = (
				5A9ED9E124E0FA4F00BE1200 /* ChatChallenge.swift */,
				5A9ED9E324E0FB0B00BE1200 /* ListeningChallenge.swift */,
				5A9ED9E524E0FB5400BE1200 /* Location.swift */,
				5A9ED9E724E0FBEB00BE1200 /* RandomTip.swift */,
				5A9ED9E924E0FCF900BE1200 /* Reward.swift */,
				5A9ED9EB24E0FDAE00BE1200 /* Subtopic.swift */,
				5A9ED9ED24E0FE1300BE1200 /* Topic.swift */,
				5A9ED9EF24E0FFD000BE1200 /* Vocabulary.swift */,
				5A9ED9F324E1016B00BE1200 /* VocabularyChallenge.swift */,
				5A9ED9F524E1021B00BE1200 /* VocabularyCategory.swift */,
			);
			path = Model;
			sourceTree = "<group>";
		};
		5A88368624D905CF0044F1EA /* View */ = {
			isa = PBXGroup;
			children = (
				5A88368824D9086A0044F1EA /* Lesson */,
				5A88368924D908760044F1EA /* Vocabulary */,
				5A88368A24D908890044F1EA /* Profile */,
				5A88367624D905550044F1EA /* Main.storyboard */,
			);
			path = View;
			sourceTree = "<group>";
		};
		5A88368724D905DF0044F1EA /* Controller */ = {
			isa = PBXGroup;
			children = (
				5A88369224D90CC80044F1EA /* Lesson */,
				5A88369324D90CCF0044F1EA /* Vocabulary */,
				5A88369124D90CB70044F1EA /* Profile */,
			);
			path = Controller;
			sourceTree = "<group>";
		};
		5A88368824D9086A0044F1EA /* Lesson */ = {
			isa = PBXGroup;
			children = (
				5AE13E0324E2800F003A077E /* Lesson.storyboard */,
			);
			path = Lesson;
			sourceTree = "<group>";
		};
		5A88368924D908760044F1EA /* Vocabulary */ = {
			isa = PBXGroup;
			children = (
				0F4CD4BB24E2D3EE00A563E4 /* Vocabulary.storyboard */,
				0F4CD4C924E2D50100A563E4 /* Cell */,
			);
			path = Vocabulary;
			sourceTree = "<group>";
		};
		5A88368A24D908890044F1EA /* Profile */ = {
			isa = PBXGroup;
			children = (
				5A88368F24D908D50044F1EA /* Profile.storyboard */,
				E92092BE24E1A32E006D254A /* Reward.storyboard */,
			);
			path = Profile;
			sourceTree = "<group>";
		};
		5A88369124D90CB70044F1EA /* Profile */ = {
			isa = PBXGroup;
			children = (
				5A88369824D90D3F0044F1EA /* ProfileVC.swift */,
				E92092BA24E191E7006D254A /* RewardViewController.swift */,
				E92092BC24E1A1C7006D254A /* RewardTableViewCell.swift */,
				E92092C024E1BD62006D254A /* RewardListViewController.swift */,
				E92092C224E1BE8A006D254A /* RewardListTableViewCell.swift */,
				E92092C424E1D863006D254A /* DetailRewardViewController.swift */,
			);
			path = Profile;
			sourceTree = "<group>";
		};
		5A88369224D90CC80044F1EA /* Lesson */ = {
			isa = PBXGroup;
			children = (
				5AE13E0524E280A4003A077E /* LessonVC.swift */,
			);
			path = Lesson;
			sourceTree = "<group>";
		};
		5A88369324D90CCF0044F1EA /* Vocabulary */ = {
			isa = PBXGroup;
			children = (
				0F4CD4BF24E2D45700A563E4 /* VocabularyDetailVC.swift */,
				0F4CD4C024E2D45700A563E4 /* VocabularyVC.swift */,
			);
			path = Vocabulary;
			sourceTree = "<group>";
		};
		5A9ED9C824E0ED3B00BE1200 /* JSON */ = {
			isa = PBXGroup;
			children = (
				5A9ED9FA24E1044900BE1200 /* ChatChallenge.json */,
				5A9ED9FB24E1044900BE1200 /* ListeningChallenge.json */,
				5A9ED9FC24E1044900BE1200 /* Location.json */,
				5A9ED9F824E1044900BE1200 /* RandomTip.json */,
				5A9EDA0024E1044900BE1200 /* Reward.json */,
				5A9ED9F924E1044900BE1200 /* Subtopic.json */,
				5A9ED9FD24E1044900BE1200 /* Topic.json */,
				5A9ED9FF24E1044900BE1200 /* Vocabulary.json */,
				5A9ED9FE24E1044900BE1200 /* VocabularyCategory.json */,
				5A9ED9F724E1044900BE1200 /* VocabularyChallenge.json */,
			);
			path = JSON;
			sourceTree = "<group>";
		};
		5A9EDA0B24E1055000BE1200 /* Util */ = {
			isa = PBXGroup;
			children = (
				5A9EDA0C24E105C700BE1200 /* DataLoader.swift */,
			);
			path = Util;
			sourceTree = "<group>";
		};
/* End PBXGroup section */

/* Begin PBXNativeTarget section */
		5A88366C24D905550044F1EA /* Locla */ = {
			isa = PBXNativeTarget;
			buildConfigurationList = 5A88368124D905570044F1EA /* Build configuration list for PBXNativeTarget "Locla" */;
			buildPhases = (
				5A88366924D905550044F1EA /* Sources */,
				5A88366A24D905550044F1EA /* Frameworks */,
				5A88366B24D905550044F1EA /* Resources */,
			);
			buildRules = (
			);
			dependencies = (
			);
			name = Locla;
			productName = Locla;
			productReference = 5A88366D24D905550044F1EA /* Locla.app */;
			productType = "com.apple.product-type.application";
		};
/* End PBXNativeTarget section */

/* Begin PBXProject section */
		5A88366524D905550044F1EA /* Project object */ = {
			isa = PBXProject;
			attributes = {
				LastSwiftUpdateCheck = 1160;
				LastUpgradeCheck = 1160;
				ORGANIZATIONNAME = "Apple Developer Academy";
				TargetAttributes = {
					5A88366C24D905550044F1EA = {
						CreatedOnToolsVersion = 11.6;
					};
				};
			};
			buildConfigurationList = 5A88366824D905550044F1EA /* Build configuration list for PBXProject "Locla" */;
			compatibilityVersion = "Xcode 9.3";
			developmentRegion = en;
			hasScannedForEncodings = 0;
			knownRegions = (
				en,
				Base,
			);
			mainGroup = 5A88366424D905550044F1EA;
			productRefGroup = 5A88366E24D905550044F1EA /* Products */;
			projectDirPath = "";
			projectRoot = "";
			targets = (
				5A88366C24D905550044F1EA /* Locla */,
			);
		};
/* End PBXProject section */

/* Begin PBXResourcesBuildPhase section */
		5A88366B24D905550044F1EA /* Resources */ = {
			isa = PBXResourcesBuildPhase;
			buildActionMask = 2147483647;
			files = (
				5A9EDA0224E1044900BE1200 /* RandomTip.json in Resources */,
				5A88369024D908D50044F1EA /* Profile.storyboard in Resources */,
				5A9EDA0724E1044900BE1200 /* Topic.json in Resources */,
				5A9EDA0624E1044900BE1200 /* Location.json in Resources */,
				5AE13E0424E2800F003A077E /* Lesson.storyboard in Resources */,
				5A9EDA0124E1044900BE1200 /* VocabularyChallenge.json in Resources */,
				5A9EDA0324E1044900BE1200 /* Subtopic.json in Resources */,
				5A88367D24D905570044F1EA /* LaunchScreen.storyboard in Resources */,
				5A9EDA0A24E1044900BE1200 /* Reward.json in Resources */,
				0F4CD4BD24E2D3EE00A563E4 /* Vocabulary.storyboard in Resources */,
				5A9EDA0524E1044900BE1200 /* ListeningChallenge.json in Resources */,
				0F4CD4D224E2D5F400A563E4 /* vocabularyCategoryCell.xib in Resources */,
				5A88367A24D905570044F1EA /* Assets.xcassets in Resources */,
				E92092BF24E1A32E006D254A /* Reward.storyboard in Resources */,
				5A88367824D905550044F1EA /* Main.storyboard in Resources */,
				5A9EDA0824E1044900BE1200 /* VocabularyCategory.json in Resources */,
				5A9EDA0924E1044900BE1200 /* Vocabulary.json in Resources */,
				5A9EDA0424E1044900BE1200 /* ChatChallenge.json in Resources */,
			);
			runOnlyForDeploymentPostprocessing = 0;
		};
/* End PBXResourcesBuildPhase section */

/* Begin PBXSourcesBuildPhase section */
		5A88366924D905550044F1EA /* Sources */ = {
			isa = PBXSourcesBuildPhase;
			buildActionMask = 2147483647;
			files = (
				E92092C524E1D863006D254A /* DetailRewardViewController.swift in Sources */,
				5A88369924D90D3F0044F1EA /* ProfileVC.swift in Sources */,
				E92092C124E1BD62006D254A /* RewardListViewController.swift in Sources */,
				5A9ED9E424E0FB0B00BE1200 /* ListeningChallenge.swift in Sources */,
				5A9ED9EE24E0FE1300BE1200 /* Topic.swift in Sources */,
				0F4CD4D124E2D5F400A563E4 /* vocabularyCategoryCell.swift in Sources */,
				5A9EDA0D24E105C700BE1200 /* DataLoader.swift in Sources */,
				5A9ED9F024E0FFD000BE1200 /* Vocabulary.swift in Sources */,
				0F4CD4C224E2D45700A563E4 /* VocabularyVC.swift in Sources */,
				5A9ED9F624E1021B00BE1200 /* VocabularyCategory.swift in Sources */,
				0F4CD4D024E2D5F400A563E4 /* vocabCategoryDetailsCell.swift in Sources */,
				5A88369924D90D3F0044F1EA /* ProfileVC.swift in Sources */,
				5A9ED9E624E0FB5400BE1200 /* Location.swift in Sources */,
				5A88367124D905550044F1EA /* AppDelegate.swift in Sources */,
				5A9ED9EA24E0FCF900BE1200 /* Reward.swift in Sources */,
				E92092BD24E1A1C7006D254A /* RewardTableViewCell.swift in Sources */,
				5A88367324D905550044F1EA /* SceneDelegate.swift in Sources */,
				0F4CD4C124E2D45700A563E4 /* VocabularyDetailVC.swift in Sources */,
				E92092C324E1BE8A006D254A /* RewardListTableViewCell.swift in Sources */,
				5AE13E0624E280A4003A077E /* LessonVC.swift in Sources */,
				E92092BB24E191E7006D254A /* RewardViewController.swift in Sources */,
				5A9ED9F424E1016B00BE1200 /* VocabularyChallenge.swift in Sources */,
				5A88367324D905550044F1EA /* SceneDelegate.swift in Sources */,
				5A9ED9E824E0FBEB00BE1200 /* RandomTip.swift in Sources */,
				5A9ED9E224E0FA4F00BE1200 /* ChatChallenge.swift in Sources */,
				5A9ED9EC24E0FDAE00BE1200 /* Subtopic.swift in Sources */,
			);
			runOnlyForDeploymentPostprocessing = 0;
		};
/* End PBXSourcesBuildPhase section */

/* Begin PBXVariantGroup section */
		5A88367624D905550044F1EA /* Main.storyboard */ = {
			isa = PBXVariantGroup;
			children = (
				5A88367724D905550044F1EA /* Base */,
			);
			name = Main.storyboard;
			sourceTree = "<group>";
		};
		5A88367B24D905570044F1EA /* LaunchScreen.storyboard */ = {
			isa = PBXVariantGroup;
			children = (
				5A88367C24D905570044F1EA /* Base */,
			);
			name = LaunchScreen.storyboard;
			sourceTree = "<group>";
		};
/* End PBXVariantGroup section */

/* Begin XCBuildConfiguration section */
		5A88367F24D905570044F1EA /* Debug */ = {
			isa = XCBuildConfiguration;
			buildSettings = {
				ALWAYS_SEARCH_USER_PATHS = NO;
				CLANG_ANALYZER_NONNULL = YES;
				CLANG_ANALYZER_NUMBER_OBJECT_CONVERSION = YES_AGGRESSIVE;
				CLANG_CXX_LANGUAGE_STANDARD = "gnu++14";
				CLANG_CXX_LIBRARY = "libc++";
				CLANG_ENABLE_MODULES = YES;
				CLANG_ENABLE_OBJC_ARC = YES;
				CLANG_ENABLE_OBJC_WEAK = YES;
				CLANG_WARN_BLOCK_CAPTURE_AUTORELEASING = YES;
				CLANG_WARN_BOOL_CONVERSION = YES;
				CLANG_WARN_COMMA = YES;
				CLANG_WARN_CONSTANT_CONVERSION = YES;
				CLANG_WARN_DEPRECATED_OBJC_IMPLEMENTATIONS = YES;
				CLANG_WARN_DIRECT_OBJC_ISA_USAGE = YES_ERROR;
				CLANG_WARN_DOCUMENTATION_COMMENTS = YES;
				CLANG_WARN_EMPTY_BODY = YES;
				CLANG_WARN_ENUM_CONVERSION = YES;
				CLANG_WARN_INFINITE_RECURSION = YES;
				CLANG_WARN_INT_CONVERSION = YES;
				CLANG_WARN_NON_LITERAL_NULL_CONVERSION = YES;
				CLANG_WARN_OBJC_IMPLICIT_RETAIN_SELF = YES;
				CLANG_WARN_OBJC_LITERAL_CONVERSION = YES;
				CLANG_WARN_OBJC_ROOT_CLASS = YES_ERROR;
				CLANG_WARN_RANGE_LOOP_ANALYSIS = YES;
				CLANG_WARN_STRICT_PROTOTYPES = YES;
				CLANG_WARN_SUSPICIOUS_MOVE = YES;
				CLANG_WARN_UNGUARDED_AVAILABILITY = YES_AGGRESSIVE;
				CLANG_WARN_UNREACHABLE_CODE = YES;
				CLANG_WARN__DUPLICATE_METHOD_MATCH = YES;
				COPY_PHASE_STRIP = NO;
				DEBUG_INFORMATION_FORMAT = dwarf;
				ENABLE_STRICT_OBJC_MSGSEND = YES;
				ENABLE_TESTABILITY = YES;
				GCC_C_LANGUAGE_STANDARD = gnu11;
				GCC_DYNAMIC_NO_PIC = NO;
				GCC_NO_COMMON_BLOCKS = YES;
				GCC_OPTIMIZATION_LEVEL = 0;
				GCC_PREPROCESSOR_DEFINITIONS = (
					"DEBUG=1",
					"$(inherited)",
				);
				GCC_WARN_64_TO_32_BIT_CONVERSION = YES;
				GCC_WARN_ABOUT_RETURN_TYPE = YES_ERROR;
				GCC_WARN_UNDECLARED_SELECTOR = YES;
				GCC_WARN_UNINITIALIZED_AUTOS = YES_AGGRESSIVE;
				GCC_WARN_UNUSED_FUNCTION = YES;
				GCC_WARN_UNUSED_VARIABLE = YES;
				IPHONEOS_DEPLOYMENT_TARGET = 13.6;
				MTL_ENABLE_DEBUG_INFO = INCLUDE_SOURCE;
				MTL_FAST_MATH = YES;
				ONLY_ACTIVE_ARCH = YES;
				SDKROOT = iphoneos;
				SWIFT_ACTIVE_COMPILATION_CONDITIONS = DEBUG;
				SWIFT_OPTIMIZATION_LEVEL = "-Onone";
			};
			name = Debug;
		};
		5A88368024D905570044F1EA /* Release */ = {
			isa = XCBuildConfiguration;
			buildSettings = {
				ALWAYS_SEARCH_USER_PATHS = NO;
				CLANG_ANALYZER_NONNULL = YES;
				CLANG_ANALYZER_NUMBER_OBJECT_CONVERSION = YES_AGGRESSIVE;
				CLANG_CXX_LANGUAGE_STANDARD = "gnu++14";
				CLANG_CXX_LIBRARY = "libc++";
				CLANG_ENABLE_MODULES = YES;
				CLANG_ENABLE_OBJC_ARC = YES;
				CLANG_ENABLE_OBJC_WEAK = YES;
				CLANG_WARN_BLOCK_CAPTURE_AUTORELEASING = YES;
				CLANG_WARN_BOOL_CONVERSION = YES;
				CLANG_WARN_COMMA = YES;
				CLANG_WARN_CONSTANT_CONVERSION = YES;
				CLANG_WARN_DEPRECATED_OBJC_IMPLEMENTATIONS = YES;
				CLANG_WARN_DIRECT_OBJC_ISA_USAGE = YES_ERROR;
				CLANG_WARN_DOCUMENTATION_COMMENTS = YES;
				CLANG_WARN_EMPTY_BODY = YES;
				CLANG_WARN_ENUM_CONVERSION = YES;
				CLANG_WARN_INFINITE_RECURSION = YES;
				CLANG_WARN_INT_CONVERSION = YES;
				CLANG_WARN_NON_LITERAL_NULL_CONVERSION = YES;
				CLANG_WARN_OBJC_IMPLICIT_RETAIN_SELF = YES;
				CLANG_WARN_OBJC_LITERAL_CONVERSION = YES;
				CLANG_WARN_OBJC_ROOT_CLASS = YES_ERROR;
				CLANG_WARN_RANGE_LOOP_ANALYSIS = YES;
				CLANG_WARN_STRICT_PROTOTYPES = YES;
				CLANG_WARN_SUSPICIOUS_MOVE = YES;
				CLANG_WARN_UNGUARDED_AVAILABILITY = YES_AGGRESSIVE;
				CLANG_WARN_UNREACHABLE_CODE = YES;
				CLANG_WARN__DUPLICATE_METHOD_MATCH = YES;
				COPY_PHASE_STRIP = NO;
				DEBUG_INFORMATION_FORMAT = "dwarf-with-dsym";
				ENABLE_NS_ASSERTIONS = NO;
				ENABLE_STRICT_OBJC_MSGSEND = YES;
				GCC_C_LANGUAGE_STANDARD = gnu11;
				GCC_NO_COMMON_BLOCKS = YES;
				GCC_WARN_64_TO_32_BIT_CONVERSION = YES;
				GCC_WARN_ABOUT_RETURN_TYPE = YES_ERROR;
				GCC_WARN_UNDECLARED_SELECTOR = YES;
				GCC_WARN_UNINITIALIZED_AUTOS = YES_AGGRESSIVE;
				GCC_WARN_UNUSED_FUNCTION = YES;
				GCC_WARN_UNUSED_VARIABLE = YES;
				IPHONEOS_DEPLOYMENT_TARGET = 13.6;
				MTL_ENABLE_DEBUG_INFO = NO;
				MTL_FAST_MATH = YES;
				SDKROOT = iphoneos;
				SWIFT_COMPILATION_MODE = wholemodule;
				SWIFT_OPTIMIZATION_LEVEL = "-O";
				VALIDATE_PRODUCT = YES;
			};
			name = Release;
		};
		5A88368224D905570044F1EA /* Debug */ = {
			isa = XCBuildConfiguration;
			buildSettings = {
				ASSETCATALOG_COMPILER_APPICON_NAME = AppIcon;
				CODE_SIGN_STYLE = Automatic;
				DEVELOPMENT_TEAM = 38BCD2JQ3H;
				INFOPLIST_FILE = Locla/Info.plist;
				LD_RUNPATH_SEARCH_PATHS = (
					"$(inherited)",
					"@executable_path/Frameworks",
				);
				PRODUCT_BUNDLE_IDENTIFIER = com.ada.Locla;
				PRODUCT_NAME = "$(TARGET_NAME)";
				SWIFT_VERSION = 5.0;
				TARGETED_DEVICE_FAMILY = "1,2";
			};
			name = Debug;
		};
		5A88368324D905570044F1EA /* Release */ = {
			isa = XCBuildConfiguration;
			buildSettings = {
				ASSETCATALOG_COMPILER_APPICON_NAME = AppIcon;
				CODE_SIGN_STYLE = Automatic;
				DEVELOPMENT_TEAM = 38BCD2JQ3H;
				INFOPLIST_FILE = Locla/Info.plist;
				LD_RUNPATH_SEARCH_PATHS = (
					"$(inherited)",
					"@executable_path/Frameworks",
				);
				PRODUCT_BUNDLE_IDENTIFIER = com.ada.Locla;
				PRODUCT_NAME = "$(TARGET_NAME)";
				SWIFT_VERSION = 5.0;
				TARGETED_DEVICE_FAMILY = "1,2";
			};
			name = Release;
		};
/* End XCBuildConfiguration section */

/* Begin XCConfigurationList section */
		5A88366824D905550044F1EA /* Build configuration list for PBXProject "Locla" */ = {
			isa = XCConfigurationList;
			buildConfigurations = (
				5A88367F24D905570044F1EA /* Debug */,
				5A88368024D905570044F1EA /* Release */,
			);
			defaultConfigurationIsVisible = 0;
			defaultConfigurationName = Release;
		};
		5A88368124D905570044F1EA /* Build configuration list for PBXNativeTarget "Locla" */ = {
			isa = XCConfigurationList;
			buildConfigurations = (
				5A88368224D905570044F1EA /* Debug */,
				5A88368324D905570044F1EA /* Release */,
			);
			defaultConfigurationIsVisible = 0;
			defaultConfigurationName = Release;
		};
/* End XCConfigurationList section */
	};
	rootObject = 5A88366524D905550044F1EA /* Project object */;
}
