// !$*UTF8*$!
{
	archiveVersion = 1;
	classes = {
	};
	objectVersion = 50;
	objects = {

/* Begin PBXBuildFile section */
		5A88367124D905550044F1EA /* AppDelegate.swift in Sources */ = {isa = PBXBuildFile; fileRef = 5A88367024D905550044F1EA /* AppDelegate.swift */; };
		5A88367324D905550044F1EA /* SceneDelegate.swift in Sources */ = {isa = PBXBuildFile; fileRef = 5A88367224D905550044F1EA /* SceneDelegate.swift */; };
		5A88367824D905550044F1EA /* Main.storyboard in Resources */ = {isa = PBXBuildFile; fileRef = 5A88367624D905550044F1EA /* Main.storyboard */; };
		5A88367A24D905570044F1EA /* Assets.xcassets in Resources */ = {isa = PBXBuildFile; fileRef = 5A88367924D905570044F1EA /* Assets.xcassets */; };
		5A88367D24D905570044F1EA /* LaunchScreen.storyboard in Resources */ = {isa = PBXBuildFile; fileRef = 5A88367B24D905570044F1EA /* LaunchScreen.storyboard */; };
		5A88368C24D908A90044F1EA /* Vocabulary.storyboard in Resources */ = {isa = PBXBuildFile; fileRef = 5A88368B24D908A90044F1EA /* Vocabulary.storyboard */; };
		5A88368E24D908B80044F1EA /* Lesson.storyboard in Resources */ = {isa = PBXBuildFile; fileRef = 5A88368D24D908B80044F1EA /* Lesson.storyboard */; };
		5A88369024D908D50044F1EA /* Profile.storyboard in Resources */ = {isa = PBXBuildFile; fileRef = 5A88368F24D908D50044F1EA /* Profile.storyboard */; };
		5A88369524D90D090044F1EA /* LessonVC.swift in Sources */ = {isa = PBXBuildFile; fileRef = 5A88369424D90D090044F1EA /* LessonVC.swift */; };
		5A88369724D90D230044F1EA /* VocabularyVC.swift in Sources */ = {isa = PBXBuildFile; fileRef = 5A88369624D90D230044F1EA /* VocabularyVC.swift */; };
		5A88369924D90D3F0044F1EA /* ProfileVC.swift in Sources */ = {isa = PBXBuildFile; fileRef = 5A88369824D90D3F0044F1EA /* ProfileVC.swift */; };
		85577D6424E0EC81001D2220 /* TopikCollectionViewCell.swift in Sources */ = {isa = PBXBuildFile; fileRef = 85577D6224E0EC81001D2220 /* TopikCollectionViewCell.swift */; };
		85577D6524E0EC81001D2220 /* TopikCollectionViewCell.xib in Resources */ = {isa = PBXBuildFile; fileRef = 85577D6324E0EC81001D2220 /* TopikCollectionViewCell.xib */; };
		85577D6B24E0F463001D2220 /* Subtopik.storyboard in Resources */ = {isa = PBXBuildFile; fileRef = 85577D6A24E0F463001D2220 /* Subtopik.storyboard */; };
		85577D7124E103B2001D2220 /* SubtopikCollectionViewCell.swift in Sources */ = {isa = PBXBuildFile; fileRef = 85577D6F24E103B2001D2220 /* SubtopikCollectionViewCell.swift */; };
		85577D7224E103B2001D2220 /* SubtopikCollectionViewCell.xib in Resources */ = {isa = PBXBuildFile; fileRef = 85577D7024E103B2001D2220 /* SubtopikCollectionViewCell.xib */; };
/* End PBXBuildFile section */

/* Begin PBXFileReference section */
		5A88366D24D905550044F1EA /* Locla.app */ = {isa = PBXFileReference; explicitFileType = wrapper.application; includeInIndex = 0; path = Locla.app; sourceTree = BUILT_PRODUCTS_DIR; };
		5A88367024D905550044F1EA /* AppDelegate.swift */ = {isa = PBXFileReference; lastKnownFileType = sourcecode.swift; path = AppDelegate.swift; sourceTree = "<group>"; };
		5A88367224D905550044F1EA /* SceneDelegate.swift */ = {isa = PBXFileReference; lastKnownFileType = sourcecode.swift; path = SceneDelegate.swift; sourceTree = "<group>"; };
		5A88367724D905550044F1EA /* Base */ = {isa = PBXFileReference; lastKnownFileType = file.storyboard; name = Base; path = Base.lproj/Main.storyboard; sourceTree = "<group>"; };
		5A88367924D905570044F1EA /* Assets.xcassets */ = {isa = PBXFileReference; lastKnownFileType = folder.assetcatalog; path = Assets.xcassets; sourceTree = "<group>"; };
		5A88367C24D905570044F1EA /* Base */ = {isa = PBXFileReference; lastKnownFileType = file.storyboard; name = Base; path = Base.lproj/LaunchScreen.storyboard; sourceTree = "<group>"; };
		5A88367E24D905570044F1EA /* Info.plist */ = {isa = PBXFileReference; lastKnownFileType = text.plist.xml; path = Info.plist; sourceTree = "<group>"; };
		5A88368B24D908A90044F1EA /* Vocabulary.storyboard */ = {isa = PBXFileReference; lastKnownFileType = file.storyboard; path = Vocabulary.storyboard; sourceTree = "<group>"; };
		5A88368D24D908B80044F1EA /* Lesson.storyboard */ = {isa = PBXFileReference; lastKnownFileType = file.storyboard; path = Lesson.storyboard; sourceTree = "<group>"; };
		5A88368F24D908D50044F1EA /* Profile.storyboard */ = {isa = PBXFileReference; lastKnownFileType = file.storyboard; path = Profile.storyboard; sourceTree = "<group>"; };
		5A88369424D90D090044F1EA /* LessonVC.swift */ = {isa = PBXFileReference; lastKnownFileType = sourcecode.swift; path = LessonVC.swift; sourceTree = "<group>"; };
		5A88369624D90D230044F1EA /* VocabularyVC.swift */ = {isa = PBXFileReference; lastKnownFileType = sourcecode.swift; path = VocabularyVC.swift; sourceTree = "<group>"; };
		5A88369824D90D3F0044F1EA /* ProfileVC.swift */ = {isa = PBXFileReference; lastKnownFileType = sourcecode.swift; path = ProfileVC.swift; sourceTree = "<group>"; };
		85577D6224E0EC81001D2220 /* TopikCollectionViewCell.swift */ = {isa = PBXFileReference; lastKnownFileType = sourcecode.swift; path = TopikCollectionViewCell.swift; sourceTree = "<group>"; };
		85577D6324E0EC81001D2220 /* TopikCollectionViewCell.xib */ = {isa = PBXFileReference; lastKnownFileType = file.xib; path = TopikCollectionViewCell.xib; sourceTree = "<group>"; };
		85577D6A24E0F463001D2220 /* Subtopik.storyboard */ = {isa = PBXFileReference; lastKnownFileType = file.storyboard; path = Subtopik.storyboard; sourceTree = "<group>"; };
		85577D6F24E103B2001D2220 /* SubtopikCollectionViewCell.swift */ = {isa = PBXFileReference; lastKnownFileType = sourcecode.swift; path = SubtopikCollectionViewCell.swift; sourceTree = "<group>"; };
		85577D7024E103B2001D2220 /* SubtopikCollectionViewCell.xib */ = {isa = PBXFileReference; lastKnownFileType = file.xib; path = SubtopikCollectionViewCell.xib; sourceTree = "<group>"; };
/* End PBXFileReference section */

/* Begin PBXFrameworksBuildPhase section */
		5A88366A24D905550044F1EA /* Frameworks */ = {
			isa = PBXFrameworksBuildPhase;
			buildActionMask = 2147483647;
			files = (
			);
			runOnlyForDeploymentPostprocessing = 0;
		};
/* End PBXFrameworksBuildPhase section */

/* Begin PBXGroup section */
		5A88366424D905550044F1EA = {
			isa = PBXGroup;
			children = (
				5A88366F24D905550044F1EA /* Locla */,
				5A88366E24D905550044F1EA /* Products */,
			);
			sourceTree = "<group>";
		};
		5A88366E24D905550044F1EA /* Products */ = {
			isa = PBXGroup;
			children = (
				5A88366D24D905550044F1EA /* Locla.app */,
			);
			name = Products;
			sourceTree = "<group>";
		};
		5A88366F24D905550044F1EA /* Locla */ = {
			isa = PBXGroup;
			children = (
				5A88368724D905DF0044F1EA /* Controller */,
				5A88368624D905CF0044F1EA /* View */,
				5A88368424D905C00044F1EA /* Model */,
				5A88367024D905550044F1EA /* AppDelegate.swift */,
				5A88367224D905550044F1EA /* SceneDelegate.swift */,
				5A88367924D905570044F1EA /* Assets.xcassets */,
				5A88367B24D905570044F1EA /* LaunchScreen.storyboard */,
				5A88367E24D905570044F1EA /* Info.plist */,
			);
			path = Locla;
			sourceTree = "<group>";
		};
		5A88368424D905C00044F1EA /* Model */ = {
			isa = PBXGroup;
			children = (
			);
			path = Model;
			sourceTree = "<group>";
		};
		5A88368624D905CF0044F1EA /* View */ = {
			isa = PBXGroup;
			children = (
				5A88368824D9086A0044F1EA /* Lesson */,
				5A88368924D908760044F1EA /* Vocabulary */,
				5A88368A24D908890044F1EA /* Profile */,
				5A88367624D905550044F1EA /* Main.storyboard */,
			);
			path = View;
			sourceTree = "<group>";
		};
		5A88368724D905DF0044F1EA /* Controller */ = {
			isa = PBXGroup;
			children = (
				5A88369224D90CC80044F1EA /* Lesson */,
				5A88369324D90CCF0044F1EA /* Vocabulary */,
				5A88369124D90CB70044F1EA /* Profile */,
			);
			path = Controller;
			sourceTree = "<group>";
		};
		5A88368824D9086A0044F1EA /* Lesson */ = {
			isa = PBXGroup;
			children = (
				85577D5F24E0EB14001D2220 /* Topik */,
				85577D6024E0EB3D001D2220 /* Subtopik */,
			);
			path = Lesson;
			sourceTree = "<group>";
		};
		5A88368924D908760044F1EA /* Vocabulary */ = {
			isa = PBXGroup;
			children = (
				5A88368B24D908A90044F1EA /* Vocabulary.storyboard */,
			);
			path = Vocabulary;
			sourceTree = "<group>";
		};
		5A88368A24D908890044F1EA /* Profile */ = {
			isa = PBXGroup;
			children = (
				5A88368F24D908D50044F1EA /* Profile.storyboard */,
			);
			path = Profile;
			sourceTree = "<group>";
		};
		5A88369124D90CB70044F1EA /* Profile */ = {
			isa = PBXGroup;
			children = (
				5A88369824D90D3F0044F1EA /* ProfileVC.swift */,
			);
			path = Profile;
			sourceTree = "<group>";
		};
		5A88369224D90CC80044F1EA /* Lesson */ = {
			isa = PBXGroup;
			children = (
				5A88369424D90D090044F1EA /* LessonVC.swift */,
			);
			path = Lesson;
			sourceTree = "<group>";
		};
		5A88369324D90CCF0044F1EA /* Vocabulary */ = {
			isa = PBXGroup;
			children = (
				5A88369624D90D230044F1EA /* VocabularyVC.swift */,
			);
			path = Vocabulary;
			sourceTree = "<group>";
		};
		85577D5F24E0EB14001D2220 /* Topik */ = {
			isa = PBXGroup;
			children = (
				5A88368D24D908B80044F1EA /* Lesson.storyboard */,
				85577D6124E0EB56001D2220 /* cells */,
			);
			path = Topik;
			sourceTree = "<group>";
		};
		85577D6024E0EB3D001D2220 /* Subtopik */ = {
			isa = PBXGroup;
			children = (
				85577D6A24E0F463001D2220 /* Subtopik.storyboard */,
				85577D6C24E10346001D2220 /* cells */,
			);
			path = Subtopik;
			sourceTree = "<group>";
		};
		85577D6124E0EB56001D2220 /* cells */ = {
			isa = PBXGroup;
			children = (
				85577D6224E0EC81001D2220 /* TopikCollectionViewCell.swift */,
				85577D6324E0EC81001D2220 /* TopikCollectionViewCell.xib */,
			);
			path = cells;
			sourceTree = "<group>";
		};
		85577D6C24E10346001D2220 /* cells */ = {
			isa = PBXGroup;
			children = (
				85577D6F24E103B2001D2220 /* SubtopikCollectionViewCell.swift */,
				85577D7024E103B2001D2220 /* SubtopikCollectionViewCell.xib */,
			);
			path = cells;
			sourceTree = "<group>";
		};
/* End PBXGroup section */

/* Begin PBXNativeTarget section */
		5A88366C24D905550044F1EA /* Locla */ = {
			isa = PBXNativeTarget;
			buildConfigurationList = 5A88368124D905570044F1EA /* Build configuration list for PBXNativeTarget "Locla" */;
			buildPhases = (
				5A88366924D905550044F1EA /* Sources */,
				5A88366A24D905550044F1EA /* Frameworks */,
				5A88366B24D905550044F1EA /* Resources */,
			);
			buildRules = (
			);
			dependencies = (
			);
			name = Locla;
			productName = Locla;
			productReference = 5A88366D24D905550044F1EA /* Locla.app */;
			productType = "com.apple.product-type.application";
		};
/* End PBXNativeTarget section */

/* Begin PBXProject section */
		5A88366524D905550044F1EA /* Project object */ = {
			isa = PBXProject;
			attributes = {
				LastSwiftUpdateCheck = 1160;
				LastUpgradeCheck = 1160;
				ORGANIZATIONNAME = "Apple Developer Academy";
				TargetAttributes = {
					5A88366C24D905550044F1EA = {
						CreatedOnToolsVersion = 11.6;
					};
				};
			};
			buildConfigurationList = 5A88366824D905550044F1EA /* Build configuration list for PBXProject "Locla" */;
			compatibilityVersion = "Xcode 9.3";
			developmentRegion = en;
			hasScannedForEncodings = 0;
			knownRegions = (
				en,
				Base,
			);
			mainGroup = 5A88366424D905550044F1EA;
			productRefGroup = 5A88366E24D905550044F1EA /* Products */;
			projectDirPath = "";
			projectRoot = "";
			targets = (
				5A88366C24D905550044F1EA /* Locla */,
			);
		};
/* End PBXProject section */

/* Begin PBXResourcesBuildPhase section */
		5A88366B24D905550044F1EA /* Resources */ = {
			isa = PBXResourcesBuildPhase;
			buildActionMask = 2147483647;
			files = (
				5A88369024D908D50044F1EA /* Profile.storyboard in Resources */,
				5A88368C24D908A90044F1EA /* Vocabulary.storyboard in Resources */,
				5A88367D24D905570044F1EA /* LaunchScreen.storyboard in Resources */,
				85577D6B24E0F463001D2220 /* Subtopik.storyboard in Resources */,
				85577D6524E0EC81001D2220 /* TopikCollectionViewCell.xib in Resources */,
				85577D7224E103B2001D2220 /* SubtopikCollectionViewCell.xib in Resources */,
				5A88367A24D905570044F1EA /* Assets.xcassets in Resources */,
				5A88367824D905550044F1EA /* Main.storyboard in Resources */,
				5A88368E24D908B80044F1EA /* Lesson.storyboard in Resources */,
			);
			runOnlyForDeploymentPostprocessing = 0;
		};
/* End PBXResourcesBuildPhase section */

/* Begin PBXSourcesBuildPhase section */
		5A88366924D905550044F1EA /* Sources */ = {
			isa = PBXSourcesBuildPhase;
			buildActionMask = 2147483647;
			files = (
				85577D6424E0EC81001D2220 /* TopikCollectionViewCell.swift in Sources */,
				85577D7124E103B2001D2220 /* SubtopikCollectionViewCell.swift in Sources */,
				5A88369924D90D3F0044F1EA /* ProfileVC.swift in Sources */,
				5A88367124D905550044F1EA /* AppDelegate.swift in Sources */,
				5A88369524D90D090044F1EA /* LessonVC.swift in Sources */,
				5A88369724D90D230044F1EA /* VocabularyVC.swift in Sources */,
				5A88367324D905550044F1EA /* SceneDelegate.swift in Sources */,
			);
			runOnlyForDeploymentPostprocessing = 0;
		};
/* End PBXSourcesBuildPhase section */

/* Begin PBXVariantGroup section */
		5A88367624D905550044F1EA /* Main.storyboard */ = {
			isa = PBXVariantGroup;
			children = (
				5A88367724D905550044F1EA /* Base */,
			);
			name = Main.storyboard;
			sourceTree = "<group>";
		};
		5A88367B24D905570044F1EA /* LaunchScreen.storyboard */ = {
			isa = PBXVariantGroup;
			children = (
				5A88367C24D905570044F1EA /* Base */,
			);
			name = LaunchScreen.storyboard;
			sourceTree = "<group>";
		};
/* End PBXVariantGroup section */

/* Begin XCBuildConfiguration section */
		5A88367F24D905570044F1EA /* Debug */ = {
			isa = XCBuildConfiguration;
			buildSettings = {
				ALWAYS_SEARCH_USER_PATHS = NO;
				CLANG_ANALYZER_NONNULL = YES;
				CLANG_ANALYZER_NUMBER_OBJECT_CONVERSION = YES_AGGRESSIVE;
				CLANG_CXX_LANGUAGE_STANDARD = "gnu++14";
				CLANG_CXX_LIBRARY = "libc++";
				CLANG_ENABLE_MODULES = YES;
				CLANG_ENABLE_OBJC_ARC = YES;
				CLANG_ENABLE_OBJC_WEAK = YES;
				CLANG_WARN_BLOCK_CAPTURE_AUTORELEASING = YES;
				CLANG_WARN_BOOL_CONVERSION = YES;
				CLANG_WARN_COMMA = YES;
				CLANG_WARN_CONSTANT_CONVERSION = YES;
				CLANG_WARN_DEPRECATED_OBJC_IMPLEMENTATIONS = YES;
				CLANG_WARN_DIRECT_OBJC_ISA_USAGE = YES_ERROR;
				CLANG_WARN_DOCUMENTATION_COMMENTS = YES;
				CLANG_WARN_EMPTY_BODY = YES;
				CLANG_WARN_ENUM_CONVERSION = YES;
				CLANG_WARN_INFINITE_RECURSION = YES;
				CLANG_WARN_INT_CONVERSION = YES;
				CLANG_WARN_NON_LITERAL_NULL_CONVERSION = YES;
				CLANG_WARN_OBJC_IMPLICIT_RETAIN_SELF = YES;
				CLANG_WARN_OBJC_LITERAL_CONVERSION = YES;
				CLANG_WARN_OBJC_ROOT_CLASS = YES_ERROR;
				CLANG_WARN_RANGE_LOOP_ANALYSIS = YES;
				CLANG_WARN_STRICT_PROTOTYPES = YES;
				CLANG_WARN_SUSPICIOUS_MOVE = YES;
				CLANG_WARN_UNGUARDED_AVAILABILITY = YES_AGGRESSIVE;
				CLANG_WARN_UNREACHABLE_CODE = YES;
				CLANG_WARN__DUPLICATE_METHOD_MATCH = YES;
				COPY_PHASE_STRIP = NO;
				DEBUG_INFORMATION_FORMAT = dwarf;
				ENABLE_STRICT_OBJC_MSGSEND = YES;
				ENABLE_TESTABILITY = YES;
				GCC_C_LANGUAGE_STANDARD = gnu11;
				GCC_DYNAMIC_NO_PIC = NO;
				GCC_NO_COMMON_BLOCKS = YES;
				GCC_OPTIMIZATION_LEVEL = 0;
				GCC_PREPROCESSOR_DEFINITIONS = (
					"DEBUG=1",
					"$(inherited)",
				);
				GCC_WARN_64_TO_32_BIT_CONVERSION = YES;
				GCC_WARN_ABOUT_RETURN_TYPE = YES_ERROR;
				GCC_WARN_UNDECLARED_SELECTOR = YES;
				GCC_WARN_UNINITIALIZED_AUTOS = YES_AGGRESSIVE;
				GCC_WARN_UNUSED_FUNCTION = YES;
				GCC_WARN_UNUSED_VARIABLE = YES;
				IPHONEOS_DEPLOYMENT_TARGET = 13.6;
				MTL_ENABLE_DEBUG_INFO = INCLUDE_SOURCE;
				MTL_FAST_MATH = YES;
				ONLY_ACTIVE_ARCH = YES;
				SDKROOT = iphoneos;
				SWIFT_ACTIVE_COMPILATION_CONDITIONS = DEBUG;
				SWIFT_OPTIMIZATION_LEVEL = "-Onone";
			};
			name = Debug;
		};
		5A88368024D905570044F1EA /* Release */ = {
			isa = XCBuildConfiguration;
			buildSettings = {
				ALWAYS_SEARCH_USER_PATHS = NO;
				CLANG_ANALYZER_NONNULL = YES;
				CLANG_ANALYZER_NUMBER_OBJECT_CONVERSION = YES_AGGRESSIVE;
				CLANG_CXX_LANGUAGE_STANDARD = "gnu++14";
				CLANG_CXX_LIBRARY = "libc++";
				CLANG_ENABLE_MODULES = YES;
				CLANG_ENABLE_OBJC_ARC = YES;
				CLANG_ENABLE_OBJC_WEAK = YES;
				CLANG_WARN_BLOCK_CAPTURE_AUTORELEASING = YES;
				CLANG_WARN_BOOL_CONVERSION = YES;
				CLANG_WARN_COMMA = YES;
				CLANG_WARN_CONSTANT_CONVERSION = YES;
				CLANG_WARN_DEPRECATED_OBJC_IMPLEMENTATIONS = YES;
				CLANG_WARN_DIRECT_OBJC_ISA_USAGE = YES_ERROR;
				CLANG_WARN_DOCUMENTATION_COMMENTS = YES;
				CLANG_WARN_EMPTY_BODY = YES;
				CLANG_WARN_ENUM_CONVERSION = YES;
				CLANG_WARN_INFINITE_RECURSION = YES;
				CLANG_WARN_INT_CONVERSION = YES;
				CLANG_WARN_NON_LITERAL_NULL_CONVERSION = YES;
				CLANG_WARN_OBJC_IMPLICIT_RETAIN_SELF = YES;
				CLANG_WARN_OBJC_LITERAL_CONVERSION = YES;
				CLANG_WARN_OBJC_ROOT_CLASS = YES_ERROR;
				CLANG_WARN_RANGE_LOOP_ANALYSIS = YES;
				CLANG_WARN_STRICT_PROTOTYPES = YES;
				CLANG_WARN_SUSPICIOUS_MOVE = YES;
				CLANG_WARN_UNGUARDED_AVAILABILITY = YES_AGGRESSIVE;
				CLANG_WARN_UNREACHABLE_CODE = YES;
				CLANG_WARN__DUPLICATE_METHOD_MATCH = YES;
				COPY_PHASE_STRIP = NO;
				DEBUG_INFORMATION_FORMAT = "dwarf-with-dsym";
				ENABLE_NS_ASSERTIONS = NO;
				ENABLE_STRICT_OBJC_MSGSEND = YES;
				GCC_C_LANGUAGE_STANDARD = gnu11;
				GCC_NO_COMMON_BLOCKS = YES;
				GCC_WARN_64_TO_32_BIT_CONVERSION = YES;
				GCC_WARN_ABOUT_RETURN_TYPE = YES_ERROR;
				GCC_WARN_UNDECLARED_SELECTOR = YES;
				GCC_WARN_UNINITIALIZED_AUTOS = YES_AGGRESSIVE;
				GCC_WARN_UNUSED_FUNCTION = YES;
				GCC_WARN_UNUSED_VARIABLE = YES;
				IPHONEOS_DEPLOYMENT_TARGET = 13.6;
				MTL_ENABLE_DEBUG_INFO = NO;
				MTL_FAST_MATH = YES;
				SDKROOT = iphoneos;
				SWIFT_COMPILATION_MODE = wholemodule;
				SWIFT_OPTIMIZATION_LEVEL = "-O";
				VALIDATE_PRODUCT = YES;
			};
			name = Release;
		};
		5A88368224D905570044F1EA /* Debug */ = {
			isa = XCBuildConfiguration;
			buildSettings = {
				ASSETCATALOG_COMPILER_APPICON_NAME = AppIcon;
				CODE_SIGN_STYLE = Automatic;
				DEVELOPMENT_TEAM = 38BCD2JQ3H;
				INFOPLIST_FILE = Locla/Info.plist;
				LD_RUNPATH_SEARCH_PATHS = (
					"$(inherited)",
					"@executable_path/Frameworks",
				);
				PRODUCT_BUNDLE_IDENTIFIER = com.ada.Locla;
				PRODUCT_NAME = "$(TARGET_NAME)";
				SWIFT_VERSION = 5.0;
				TARGETED_DEVICE_FAMILY = "1,2";
			};
			name = Debug;
		};
		5A88368324D905570044F1EA /* Release */ = {
			isa = XCBuildConfiguration;
			buildSettings = {
				ASSETCATALOG_COMPILER_APPICON_NAME = AppIcon;
				CODE_SIGN_STYLE = Automatic;
				DEVELOPMENT_TEAM = 38BCD2JQ3H;
				INFOPLIST_FILE = Locla/Info.plist;
				LD_RUNPATH_SEARCH_PATHS = (
					"$(inherited)",
					"@executable_path/Frameworks",
				);
				PRODUCT_BUNDLE_IDENTIFIER = com.ada.Locla;
				PRODUCT_NAME = "$(TARGET_NAME)";
				SWIFT_VERSION = 5.0;
				TARGETED_DEVICE_FAMILY = "1,2";
			};
			name = Release;
		};
/* End XCBuildConfiguration section */

/* Begin XCConfigurationList section */
		5A88366824D905550044F1EA /* Build configuration list for PBXProject "Locla" */ = {
			isa = XCConfigurationList;
			buildConfigurations = (
				5A88367F24D905570044F1EA /* Debug */,
				5A88368024D905570044F1EA /* Release */,
			);
			defaultConfigurationIsVisible = 0;
			defaultConfigurationName = Release;
		};
		5A88368124D905570044F1EA /* Build configuration list for PBXNativeTarget "Locla" */ = {
			isa = XCConfigurationList;
			buildConfigurations = (
				5A88368224D905570044F1EA /* Debug */,
				5A88368324D905570044F1EA /* Release */,
			);
			defaultConfigurationIsVisible = 0;
			defaultConfigurationName = Release;
		};
/* End XCConfigurationList section */
	};
	rootObject = 5A88366524D905550044F1EA /* Project object */;
}
