// !$*UTF8*$!
{
	archiveVersion = 1;
	classes = {
	};
	objectVersion = 50;
	objects = {

/* Begin PBXBuildFile section */
		0F3B31A224E2E5DA00891C1B /* VocabularyDetailVC.swift in Sources */ = {isa = PBXBuildFile; fileRef = 0F3B31A124E2E5DA00891C1B /* VocabularyDetailVC.swift */; };
		0F3B31A624E2E5E900891C1B /* VocabCategoryDetailsCell.swift in Sources */ = {isa = PBXBuildFile; fileRef = 0F3B31A324E2E5E900891C1B /* VocabCategoryDetailsCell.swift */; };
		0F3B31A724E2E5E900891C1B /* VocabularyCategoryCell.swift in Sources */ = {isa = PBXBuildFile; fileRef = 0F3B31A424E2E5E900891C1B /* VocabularyCategoryCell.swift */; };
		0F3B31A824E2E5E900891C1B /* VocabularyCategoryCell.xib in Resources */ = {isa = PBXBuildFile; fileRef = 0F3B31A524E2E5E900891C1B /* VocabularyCategoryCell.xib */; };
		0F4B000724E425E70070CA25 /* SearchBarVC.swift in Sources */ = {isa = PBXBuildFile; fileRef = 0F4B000624E425E70070CA25 /* SearchBarVC.swift */; };
		0F4B000924E426890070CA25 /* SearchBarResultCell.swift in Sources */ = {isa = PBXBuildFile; fileRef = 0F4B000824E426890070CA25 /* SearchBarResultCell.swift */; };
		5A0D2BAC24E8205F00FAE3EF /* RewardCollectionViewCell.swift in Sources */ = {isa = PBXBuildFile; fileRef = 5A0D2BAB24E8205F00FAE3EF /* RewardCollectionViewCell.swift */; };
		5A0D2BAE24E8207F00FAE3EF /* RewardVC.swift in Sources */ = {isa = PBXBuildFile; fileRef = 5A0D2BAD24E8207F00FAE3EF /* RewardVC.swift */; };
		5A34873A24E379AA00FC55E2 /* RewardCategory.swift in Sources */ = {isa = PBXBuildFile; fileRef = 5A34873924E379AA00FC55E2 /* RewardCategory.swift */; };
		5A34873C24E37BEE00FC55E2 /* RewardCategory.json in Resources */ = {isa = PBXBuildFile; fileRef = 5A34873B24E37BEE00FC55E2 /* RewardCategory.json */; };
		5A34873E24E3844200FC55E2 /* UIColor.swift in Sources */ = {isa = PBXBuildFile; fileRef = 5A34873D24E3844200FC55E2 /* UIColor.swift */; };
		5A4F4B3B24E431D000874C0F /* FillInTheBlank.xib in Resources */ = {isa = PBXBuildFile; fileRef = 5A4F4B3A24E431D000874C0F /* FillInTheBlank.xib */; };
		5A72BC4D24EA36E000DB71F9 /* DetailRewardVC.swift in Sources */ = {isa = PBXBuildFile; fileRef = 5A72BC4C24EA36E000DB71F9 /* DetailRewardVC.swift */; };
		5A88367124D905550044F1EA /* AppDelegate.swift in Sources */ = {isa = PBXBuildFile; fileRef = 5A88367024D905550044F1EA /* AppDelegate.swift */; };
		5A88367324D905550044F1EA /* SceneDelegate.swift in Sources */ = {isa = PBXBuildFile; fileRef = 5A88367224D905550044F1EA /* SceneDelegate.swift */; };
		5A88367824D905550044F1EA /* Main.storyboard in Resources */ = {isa = PBXBuildFile; fileRef = 5A88367624D905550044F1EA /* Main.storyboard */; };
		5A88367A24D905570044F1EA /* Assets.xcassets in Resources */ = {isa = PBXBuildFile; fileRef = 5A88367924D905570044F1EA /* Assets.xcassets */; };
		5A88367D24D905570044F1EA /* LaunchScreen.storyboard in Resources */ = {isa = PBXBuildFile; fileRef = 5A88367B24D905570044F1EA /* LaunchScreen.storyboard */; };
		5A88368C24D908A90044F1EA /* Vocabulary.storyboard in Resources */ = {isa = PBXBuildFile; fileRef = 5A88368B24D908A90044F1EA /* Vocabulary.storyboard */; };
		5A88369024D908D50044F1EA /* Profile.storyboard in Resources */ = {isa = PBXBuildFile; fileRef = 5A88368F24D908D50044F1EA /* Profile.storyboard */; };
		5A88369724D90D230044F1EA /* VocabularyVC.swift in Sources */ = {isa = PBXBuildFile; fileRef = 5A88369624D90D230044F1EA /* VocabularyVC.swift */; };
		5A88369924D90D3F0044F1EA /* ProfileVC.swift in Sources */ = {isa = PBXBuildFile; fileRef = 5A88369824D90D3F0044F1EA /* ProfileVC.swift */; };
		5A9ED9E224E0FA4F00BE1200 /* ChatChallenge.swift in Sources */ = {isa = PBXBuildFile; fileRef = 5A9ED9E124E0FA4F00BE1200 /* ChatChallenge.swift */; };
		5A9ED9E424E0FB0B00BE1200 /* ListeningChallenge.swift in Sources */ = {isa = PBXBuildFile; fileRef = 5A9ED9E324E0FB0B00BE1200 /* ListeningChallenge.swift */; };
		5A9ED9E624E0FB5400BE1200 /* Location.swift in Sources */ = {isa = PBXBuildFile; fileRef = 5A9ED9E524E0FB5400BE1200 /* Location.swift */; };
		5A9ED9E824E0FBEB00BE1200 /* RandomTip.swift in Sources */ = {isa = PBXBuildFile; fileRef = 5A9ED9E724E0FBEB00BE1200 /* RandomTip.swift */; };
		5A9ED9EA24E0FCF900BE1200 /* Reward.swift in Sources */ = {isa = PBXBuildFile; fileRef = 5A9ED9E924E0FCF900BE1200 /* Reward.swift */; };
		5A9ED9EC24E0FDAE00BE1200 /* Subtopic.swift in Sources */ = {isa = PBXBuildFile; fileRef = 5A9ED9EB24E0FDAE00BE1200 /* Subtopic.swift */; };
		5A9ED9EE24E0FE1300BE1200 /* Topic.swift in Sources */ = {isa = PBXBuildFile; fileRef = 5A9ED9ED24E0FE1300BE1200 /* Topic.swift */; };
		5A9ED9F024E0FFD000BE1200 /* Vocabulary.swift in Sources */ = {isa = PBXBuildFile; fileRef = 5A9ED9EF24E0FFD000BE1200 /* Vocabulary.swift */; };
		5A9ED9F424E1016B00BE1200 /* VocabularyChallenge.swift in Sources */ = {isa = PBXBuildFile; fileRef = 5A9ED9F324E1016B00BE1200 /* VocabularyChallenge.swift */; };
		5A9ED9F624E1021B00BE1200 /* VocabularyCategory.swift in Sources */ = {isa = PBXBuildFile; fileRef = 5A9ED9F524E1021B00BE1200 /* VocabularyCategory.swift */; };
		5A9EDA0124E1044900BE1200 /* VocabularyChallenge.json in Resources */ = {isa = PBXBuildFile; fileRef = 5A9ED9F724E1044900BE1200 /* VocabularyChallenge.json */; };
		5A9EDA0224E1044900BE1200 /* RandomTip.json in Resources */ = {isa = PBXBuildFile; fileRef = 5A9ED9F824E1044900BE1200 /* RandomTip.json */; };
		5A9EDA0324E1044900BE1200 /* Subtopic.json in Resources */ = {isa = PBXBuildFile; fileRef = 5A9ED9F924E1044900BE1200 /* Subtopic.json */; };
		5A9EDA0424E1044900BE1200 /* ChatChallenge.json in Resources */ = {isa = PBXBuildFile; fileRef = 5A9ED9FA24E1044900BE1200 /* ChatChallenge.json */; };
		5A9EDA0524E1044900BE1200 /* ListeningChallenge.json in Resources */ = {isa = PBXBuildFile; fileRef = 5A9ED9FB24E1044900BE1200 /* ListeningChallenge.json */; };
		5A9EDA0624E1044900BE1200 /* Location.json in Resources */ = {isa = PBXBuildFile; fileRef = 5A9ED9FC24E1044900BE1200 /* Location.json */; };
		5A9EDA0724E1044900BE1200 /* Topic.json in Resources */ = {isa = PBXBuildFile; fileRef = 5A9ED9FD24E1044900BE1200 /* Topic.json */; };
		5A9EDA0824E1044900BE1200 /* VocabularyCategory.json in Resources */ = {isa = PBXBuildFile; fileRef = 5A9ED9FE24E1044900BE1200 /* VocabularyCategory.json */; };
		5A9EDA0924E1044900BE1200 /* Vocabulary.json in Resources */ = {isa = PBXBuildFile; fileRef = 5A9ED9FF24E1044900BE1200 /* Vocabulary.json */; };
		5A9EDA0A24E1044900BE1200 /* Reward.json in Resources */ = {isa = PBXBuildFile; fileRef = 5A9EDA0024E1044900BE1200 /* Reward.json */; };
		5A9EDA0D24E105C700BE1200 /* DataLoader.swift in Sources */ = {isa = PBXBuildFile; fileRef = 5A9EDA0C24E105C700BE1200 /* DataLoader.swift */; };
		5AA5714B24E6DF4500F21D72 /* RewardCategoryCollectionViewCell.swift in Sources */ = {isa = PBXBuildFile; fileRef = 5AA5714A24E6DF4500F21D72 /* RewardCategoryCollectionViewCell.swift */; };
		5AE13E0624E280A4003A077E /* LessonVC.swift in Sources */ = {isa = PBXBuildFile; fileRef = 5AE13E0524E280A4003A077E /* LessonVC.swift */; };
		850BF72224E4DDAB00B5DE88 /* FillTheBlank.swift in Sources */ = {isa = PBXBuildFile; fileRef = 850BF72124E4DDAB00B5DE88 /* FillTheBlank.swift */; };
		856E7FA924E2B8FE0044CB36 /* SubtopikVC.swift in Sources */ = {isa = PBXBuildFile; fileRef = 856E7FA824E2B8FE0044CB36 /* SubtopikVC.swift */; };
		856E7FAB24E2B91F0044CB36 /* Lesson.storyboard in Resources */ = {isa = PBXBuildFile; fileRef = 856E7FAA24E2B91F0044CB36 /* Lesson.storyboard */; };
		856E7FB124E2B93B0044CB36 /* TopikCollectionViewCell.xib in Resources */ = {isa = PBXBuildFile; fileRef = 856E7FAD24E2B93B0044CB36 /* TopikCollectionViewCell.xib */; };
		856E7FB224E2B93B0044CB36 /* SubtopikCollectionViewCell.swift in Sources */ = {isa = PBXBuildFile; fileRef = 856E7FAE24E2B93B0044CB36 /* SubtopikCollectionViewCell.swift */; };
		856E7FB324E2B93B0044CB36 /* SubtopikCollectionViewCell.xib in Resources */ = {isa = PBXBuildFile; fileRef = 856E7FAF24E2B93B0044CB36 /* SubtopikCollectionViewCell.xib */; };
		856E7FB424E2B93B0044CB36 /* TopikCollectionViewCell.swift in Sources */ = {isa = PBXBuildFile; fileRef = 856E7FB024E2B93B0044CB36 /* TopikCollectionViewCell.swift */; };
		856E7FB724E2CC090044CB36 /* Mendengarkan.storyboard in Resources */ = {isa = PBXBuildFile; fileRef = 856E7FB624E2CC090044CB36 /* Mendengarkan.storyboard */; };
		856E7FC024E317480044CB36 /* IntroListeningVC.swift in Sources */ = {isa = PBXBuildFile; fileRef = 856E7FBF24E317480044CB36 /* IntroListeningVC.swift */; };
		856E7FC224E3176F0044CB36 /* DialogListeningVC.swift in Sources */ = {isa = PBXBuildFile; fileRef = 856E7FC124E3176F0044CB36 /* DialogListeningVC.swift */; };
		856E7FC424E3178E0044CB36 /* ChallengeListeningVC.swift in Sources */ = {isa = PBXBuildFile; fileRef = 856E7FC324E3178E0044CB36 /* ChallengeListeningVC.swift */; };
		856E7FC624E3A9590044CB36 /* ListeningResultVC.swift in Sources */ = {isa = PBXBuildFile; fileRef = 856E7FC524E3A9590044CB36 /* ListeningResultVC.swift */; };
		856E7FCA24E3AA270044CB36 /* NewWordsCollectionViewCell.swift in Sources */ = {isa = PBXBuildFile; fileRef = 856E7FC824E3AA270044CB36 /* NewWordsCollectionViewCell.swift */; };
		856E7FCB24E3AA270044CB36 /* NewWordsCollectionViewCell.xib in Resources */ = {isa = PBXBuildFile; fileRef = 856E7FC924E3AA270044CB36 /* NewWordsCollectionViewCell.xib */; };
		85C7CA3E24E421C50025E1AA /* AlertStarVC.swift in Sources */ = {isa = PBXBuildFile; fileRef = 85C7CA3D24E421C50025E1AA /* AlertStarVC.swift */; };
		85C7CA4124E4228B0025E1AA /* CustomAlert.storyboard in Resources */ = {isa = PBXBuildFile; fileRef = 85C7CA4024E4228B0025E1AA /* CustomAlert.storyboard */; };
		85C7CA4424E471330025E1AA /* AlertExitVC.swift in Sources */ = {isa = PBXBuildFile; fileRef = 85C7CA4324E471330025E1AA /* AlertExitVC.swift */; };
		85C7CA4724E47E450025E1AA /* Kosakata.storyboard in Resources */ = {isa = PBXBuildFile; fileRef = 85C7CA4624E47E450025E1AA /* Kosakata.storyboard */; };
		85C7CA4924E482900025E1AA /* IntroKosakataVC.swift in Sources */ = {isa = PBXBuildFile; fileRef = 85C7CA4824E482900025E1AA /* IntroKosakataVC.swift */; };
		85C7CA4D24E482C90025E1AA /* KosakataResultVC.swift in Sources */ = {isa = PBXBuildFile; fileRef = 85C7CA4C24E482C90025E1AA /* KosakataResultVC.swift */; };
		85C7CA4F24E482E40025E1AA /* ChallengeKosakataVC.swift in Sources */ = {isa = PBXBuildFile; fileRef = 85C7CA4E24E482E40025E1AA /* ChallengeKosakataVC.swift */; };
		85C7CA5124E483360025E1AA /* ListKosakataVC.swift in Sources */ = {isa = PBXBuildFile; fileRef = 85C7CA5024E483360025E1AA /* ListKosakataVC.swift */; };
		85C7CA5524E49A2E0025E1AA /* ListKosakataTableViewCell.swift in Sources */ = {isa = PBXBuildFile; fileRef = 85C7CA5324E49A2E0025E1AA /* ListKosakataTableViewCell.swift */; };
		85C7CA5624E49A2E0025E1AA /* ListKosakataTableViewCell.xib in Resources */ = {isa = PBXBuildFile; fileRef = 85C7CA5424E49A2E0025E1AA /* ListKosakataTableViewCell.xib */; };
		85FDE82024EA1FE300D0B753 /* Petunjuk.swift in Sources */ = {isa = PBXBuildFile; fileRef = 85FDE81F24EA1FE300D0B753 /* Petunjuk.swift */; };
		E92092BB24E191E7006D254A /* RewardCategoryVC.swift in Sources */ = {isa = PBXBuildFile; fileRef = E92092BA24E191E7006D254A /* RewardCategoryVC.swift */; };
		E9782FB924E7A1D3009AF5A6 /* Ikan_SBY.mp3 in Resources */ = {isa = PBXBuildFile; fileRef = E9782F7A24E7A1D3009AF5A6 /* Ikan_SBY.mp3 */; };
		E9782FBA24E7A1D3009AF5A6 /* Jualan_SBY.mp3 in Resources */ = {isa = PBXBuildFile; fileRef = E9782F7B24E7A1D3009AF5A6 /* Jualan_SBY.mp3 */; };
		E9782FBB24E7A1D3009AF5A6 /* Apa_SBY.mp3 in Resources */ = {isa = PBXBuildFile; fileRef = E9782F7C24E7A1D3009AF5A6 /* Apa_SBY.mp3 */; };
		E9782FBC24E7A1D3009AF5A6 /* Kita_SBY.mp3 in Resources */ = {isa = PBXBuildFile; fileRef = E9782F7D24E7A1D3009AF5A6 /* Kita_SBY.mp3 */; };
		E9782FBD24E7A1D3009AF5A6 /* Makan_SBY.mp3 in Resources */ = {isa = PBXBuildFile; fileRef = E9782F7E24E7A1D3009AF5A6 /* Makan_SBY.mp3 */; };
		E9782FBE24E7A1D3009AF5A6 /* Satu_SBY.mp3 in Resources */ = {isa = PBXBuildFile; fileRef = E9782F7F24E7A1D3009AF5A6 /* Satu_SBY.mp3 */; };
		E9782FBF24E7A1D3009AF5A6 /* Teman_SBY.mp3 in Resources */ = {isa = PBXBuildFile; fileRef = E9782F8024E7A1D3009AF5A6 /* Teman_SBY.mp3 */; };
		E9782FC024E7A1D3009AF5A6 /* Dari_SBY.mp3 in Resources */ = {isa = PBXBuildFile; fileRef = E9782F8124E7A1D3009AF5A6 /* Dari_SBY.mp3 */; };
		E9782FC124E7A1D3009AF5A6 /* Mana_SBY.mp3 in Resources */ = {isa = PBXBuildFile; fileRef = E9782F8224E7A1D3009AF5A6 /* Mana_SBY.mp3 */; };
		E9782FC224E7A1D3009AF5A6 /* Di_SBY.mp3 in Resources */ = {isa = PBXBuildFile; fileRef = E9782F8324E7A1D3009AF5A6 /* Di_SBY.mp3 */; };
		E9782FC324E7A1D3009AF5A6 /* Berapa_SBY.mp3 in Resources */ = {isa = PBXBuildFile; fileRef = E9782F8424E7A1D3009AF5A6 /* Berapa_SBY.mp3 */; };
		E9782FC424E7A1D3009AF5A6 /* Beli_SBY.mp3 in Resources */ = {isa = PBXBuildFile; fileRef = E9782F8524E7A1D3009AF5A6 /* Beli_SBY.mp3 */; };
		E9782FC524E7A1D3009AF5A6 /* Harga_SBY.mp3 in Resources */ = {isa = PBXBuildFile; fileRef = E9782F8624E7A1D3009AF5A6 /* Harga_SBY.mp3 */; };
		E9782FC624E7A1D3009AF5A6 /* Siapa_SBY.mp3 in Resources */ = {isa = PBXBuildFile; fileRef = E9782F8724E7A1D3009AF5A6 /* Siapa_SBY.mp3 */; };
		E9782FC724E7A1D3009AF5A6 /* Mau_SBY.mp3 in Resources */ = {isa = PBXBuildFile; fileRef = E9782F8824E7A1D3009AF5A6 /* Mau_SBY.mp3 */; };
		E9782FC824E7A1D3009AF5A6 /* Cuman_SBY.mp3 in Resources */ = {isa = PBXBuildFile; fileRef = E9782F8924E7A1D3009AF5A6 /* Cuman_SBY.mp3 */; };
		E9782FC924E7A1D3009AF5A6 /* Kembalian_SBY.mp3 in Resources */ = {isa = PBXBuildFile; fileRef = E9782F8A24E7A1D3009AF5A6 /* Kembalian_SBY.mp3 */; };
		E9782FCA24E7A1D3009AF5A6 /* Nasi_SBY.mp3 in Resources */ = {isa = PBXBuildFile; fileRef = E9782F8B24E7A1D3009AF5A6 /* Nasi_SBY.mp3 */; };
		E9782FCB24E7A1D3009AF5A6 /* Belanja_SBY.mp3 in Resources */ = {isa = PBXBuildFile; fileRef = E9782F8C24E7A1D3009AF5A6 /* Belanja_SBY.mp3 */; };
		E9782FCC24E7A1D3009AF5A6 /* Kamu_SBY.mp3 in Resources */ = {isa = PBXBuildFile; fileRef = E9782F8D24E7A1D3009AF5A6 /* Kamu_SBY.mp3 */; };
		E9782FCD24E7A1D3009AF5A6 /* Nama_SBY.mp3 in Resources */ = {isa = PBXBuildFile; fileRef = E9782F8E24E7A1D3009AF5A6 /* Nama_SBY.mp3 */; };
		E9782FCE24E7A1D3009AF5A6 /* Ngapain_SBY.mp3 in Resources */ = {isa = PBXBuildFile; fileRef = E9782F8F24E7A1D3009AF5A6 /* Ngapain_SBY.mp3 */; };
		E9782FCF24E7A1D3009AF5A6 /* Cari_SBY.mp3 in Resources */ = {isa = PBXBuildFile; fileRef = E9782F9024E7A1D3009AF5A6 /* Cari_SBY.mp3 */; };
		E9782FD024E7A1D3009AF5A6 /* Kau_SBY.mp3 in Resources */ = {isa = PBXBuildFile; fileRef = E9782F9124E7A1D3009AF5A6 /* Kau_SBY.mp3 */; };
		E9782FD124E7A1D3009AF5A6 /* Self_018_Sub2_SBY.mp3 in Resources */ = {isa = PBXBuildFile; fileRef = E9782F9324E7A1D3009AF5A6 /* Self_018_Sub2_SBY.mp3 */; };
		E9782FD224E7A1D3009AF5A6 /* Self_019_Sub2_SBY.mp3 in Resources */ = {isa = PBXBuildFile; fileRef = E9782F9424E7A1D3009AF5A6 /* Self_019_Sub2_SBY.mp3 */; };
		E9782FD324E7A1D3009AF5A6 /* Opponent_020_Sub2_SBY.mp3 in Resources */ = {isa = PBXBuildFile; fileRef = E9782F9524E7A1D3009AF5A6 /* Opponent_020_Sub2_SBY.mp3 */; };
		E9782FD424E7A1D3009AF5A6 /* Opponent_017_Sub2_SBY.mp3 in Resources */ = {isa = PBXBuildFile; fileRef = E9782F9624E7A1D3009AF5A6 /* Opponent_017_Sub2_SBY.mp3 */; };
		E9782FD524E7A1D3009AF5A6 /* Opponent_021_Sub2_SBY.mp3 in Resources */ = {isa = PBXBuildFile; fileRef = E9782F9724E7A1D3009AF5A6 /* Opponent_021_Sub2_SBY.mp3 */; };
		E9782FD624E7A1D3009AF5A6 /* Self_021_Sub2_SBY.mp3 in Resources */ = {isa = PBXBuildFile; fileRef = E9782F9824E7A1D3009AF5A6 /* Self_021_Sub2_SBY.mp3 */; };
		E9782FD724E7A1D3009AF5A6 /* Self_017_Sub2_SBY.mp3 in Resources */ = {isa = PBXBuildFile; fileRef = E9782F9924E7A1D3009AF5A6 /* Self_017_Sub2_SBY.mp3 */; };
		E9782FD824E7A1D3009AF5A6 /* Self_020_Sub2_SBY.mp3 in Resources */ = {isa = PBXBuildFile; fileRef = E9782F9A24E7A1D3009AF5A6 /* Self_020_Sub2_SBY.mp3 */; };
		E9782FD924E7A1D3009AF5A6 /* Opponent_019_Sub2_SBY.mp3 in Resources */ = {isa = PBXBuildFile; fileRef = E9782F9B24E7A1D3009AF5A6 /* Opponent_019_Sub2_SBY.mp3 */; };
		E9782FDA24E7A1D3009AF5A6 /* Opponent_018_Sub2_SBY.mp3 in Resources */ = {isa = PBXBuildFile; fileRef = E9782F9C24E7A1D3009AF5A6 /* Opponent_018_Sub2_SBY.mp3 */; };
		E9782FDB24E7A1D3009AF5A6 /* Opponent_004_Sub2_SBY.mp3 in Resources */ = {isa = PBXBuildFile; fileRef = E9782F9E24E7A1D3009AF5A6 /* Opponent_004_Sub2_SBY.mp3 */; };
		E9782FDC24E7A1D3009AF5A6 /* Opponent_003_Sub2_SBY.mp3 in Resources */ = {isa = PBXBuildFile; fileRef = E9782F9F24E7A1D3009AF5A6 /* Opponent_003_Sub2_SBY.mp3 */; };
		E9782FDD24E7A1D3009AF5A6 /* Self_006_Sub2_SBY.mp3 in Resources */ = {isa = PBXBuildFile; fileRef = E9782FA024E7A1D3009AF5A6 /* Self_006_Sub2_SBY.mp3 */; };
		E9782FDE24E7A1D3009AF5A6 /* Self_001_Sub2_SBY.mp3 in Resources */ = {isa = PBXBuildFile; fileRef = E9782FA124E7A1D3009AF5A6 /* Self_001_Sub2_SBY.mp3 */; };
		E9782FDF24E7A1D3009AF5A6 /* Opponent_002_Sub2_SBY.mp3 in Resources */ = {isa = PBXBuildFile; fileRef = E9782FA224E7A1D3009AF5A6 /* Opponent_002_Sub2_SBY.mp3 */; };
		E9782FE024E7A1D3009AF5A6 /* Opponent_005_Sub2_SBY.mp3 in Resources */ = {isa = PBXBuildFile; fileRef = E9782FA324E7A1D3009AF5A6 /* Opponent_005_Sub2_SBY.mp3 */; };
		E9782FE124E7A1D3009AF5A6 /* Self_005_Sub2_SBY.mp3 in Resources */ = {isa = PBXBuildFile; fileRef = E9782FA424E7A1D3009AF5A6 /* Self_005_Sub2_SBY.mp3 */; };
		E9782FE224E7A1D3009AF5A6 /* Self_002_Sub2_SBY.mp3 in Resources */ = {isa = PBXBuildFile; fileRef = E9782FA524E7A1D3009AF5A6 /* Self_002_Sub2_SBY.mp3 */; };
		E9782FE324E7A1D3009AF5A6 /* Opponent_001_Sub2_SBY.mp3 in Resources */ = {isa = PBXBuildFile; fileRef = E9782FA624E7A1D3009AF5A6 /* Opponent_001_Sub2_SBY.mp3 */; };
		E9782FE424E7A1D3009AF5A6 /* Opponent_006_Sub2_SBY.mp3 in Resources */ = {isa = PBXBuildFile; fileRef = E9782FA724E7A1D3009AF5A6 /* Opponent_006_Sub2_SBY.mp3 */; };
		E9782FE524E7A1D3009AF5A6 /* Self_003_Sub2_SBY.mp3 in Resources */ = {isa = PBXBuildFile; fileRef = E9782FA824E7A1D3009AF5A6 /* Self_003_Sub2_SBY.mp3 */; };
		E9782FE624E7A1D3009AF5A6 /* Self_004_Sub2_SBY.mp3 in Resources */ = {isa = PBXBuildFile; fileRef = E9782FA924E7A1D3009AF5A6 /* Self_004_Sub2_SBY.mp3 */; };
		E9782FE724E7A1D3009AF5A6 /* Opponent_016_Sub2_SBY.mp3 in Resources */ = {isa = PBXBuildFile; fileRef = E9782FAB24E7A1D3009AF5A6 /* Opponent_016_Sub2_SBY.mp3 */; };
		E9782FE824E7A1D3009AF5A6 /* Self_014_Sub2_SBY.mp3 in Resources */ = {isa = PBXBuildFile; fileRef = E9782FAC24E7A1D3009AF5A6 /* Self_014_Sub2_SBY.mp3 */; };
		E9782FE924E7A1D3009AF5A6 /* Self_013_Sub2_SBY.mp3 in Resources */ = {isa = PBXBuildFile; fileRef = E9782FAD24E7A1D3009AF5A6 /* Self_013_Sub2_SBY.mp3 */; };
		E9782FEA24E7A1D3009AF5A6 /* Self_012_Sub2_SBY.mp3 in Resources */ = {isa = PBXBuildFile; fileRef = E9782FAE24E7A1D3009AF5A6 /* Self_012_Sub2_SBY.mp3 */; };
		E9782FEB24E7A1D3009AF5A6 /* Self_015_Sub2_SBY.mp3 in Resources */ = {isa = PBXBuildFile; fileRef = E9782FAF24E7A1D3009AF5A6 /* Self_015_Sub2_SBY.mp3 */; };
		E9782FEC24E7A1D3009AF5A6 /* Opponent_015_Sub2_SBY.mp3 in Resources */ = {isa = PBXBuildFile; fileRef = E9782FB024E7A1D3009AF5A6 /* Opponent_015_Sub2_SBY.mp3 */; };
		E9782FED24E7A1D3009AF5A6 /* Opponent_012_Sub2_SBY.mp3 in Resources */ = {isa = PBXBuildFile; fileRef = E9782FB124E7A1D3009AF5A6 /* Opponent_012_Sub2_SBY.mp3 */; };
		E9782FEE24E7A1D3009AF5A6 /* Opponent_013_Sub2_SBY.mp3 in Resources */ = {isa = PBXBuildFile; fileRef = E9782FB224E7A1D3009AF5A6 /* Opponent_013_Sub2_SBY.mp3 */; };
		E9782FEF24E7A1D3009AF5A6 /* Opponent_014_Sub2_SBY.mp3 in Resources */ = {isa = PBXBuildFile; fileRef = E9782FB324E7A1D3009AF5A6 /* Opponent_014_Sub2_SBY.mp3 */; };
		E9782FF024E7A1D3009AF5A6 /* Self_016_Sub2_SBY.mp3 in Resources */ = {isa = PBXBuildFile; fileRef = E9782FB424E7A1D3009AF5A6 /* Self_016_Sub2_SBY.mp3 */; };
		E9782FF124E7A1D3009AF5A6 /* Clue_001_Sub3_SBY.mp3 in Resources */ = {isa = PBXBuildFile; fileRef = E9782FB624E7A1D3009AF5A6 /* Clue_001_Sub3_SBY.mp3 */; };
		E9782FF224E7A1D3009AF5A6 /* Clue_022_Sub3_SBY.mp3 in Resources */ = {isa = PBXBuildFile; fileRef = E9782FB724E7A1D3009AF5A6 /* Clue_022_Sub3_SBY.mp3 */; };
		E9782FF324E7A1D3009AF5A6 /* Clue_021_Sub3_SBY.mp3 in Resources */ = {isa = PBXBuildFile; fileRef = E9782FB824E7A1D3009AF5A6 /* Clue_021_Sub3_SBY.mp3 */; };
/* End PBXBuildFile section */

/* Begin PBXFileReference section */
		0F3B31A124E2E5DA00891C1B /* VocabularyDetailVC.swift */ = {isa = PBXFileReference; fileEncoding = 4; lastKnownFileType = sourcecode.swift; path = VocabularyDetailVC.swift; sourceTree = "<group>"; };
		0F3B31A324E2E5E900891C1B /* VocabCategoryDetailsCell.swift */ = {isa = PBXFileReference; fileEncoding = 4; lastKnownFileType = sourcecode.swift; path = VocabCategoryDetailsCell.swift; sourceTree = "<group>"; };
		0F3B31A424E2E5E900891C1B /* VocabularyCategoryCell.swift */ = {isa = PBXFileReference; fileEncoding = 4; lastKnownFileType = sourcecode.swift; path = VocabularyCategoryCell.swift; sourceTree = "<group>"; };
		0F3B31A524E2E5E900891C1B /* VocabularyCategoryCell.xib */ = {isa = PBXFileReference; fileEncoding = 4; lastKnownFileType = file.xib; path = VocabularyCategoryCell.xib; sourceTree = "<group>"; };
		0F4B000624E425E70070CA25 /* SearchBarVC.swift */ = {isa = PBXFileReference; lastKnownFileType = sourcecode.swift; path = SearchBarVC.swift; sourceTree = "<group>"; };
		0F4B000824E426890070CA25 /* SearchBarResultCell.swift */ = {isa = PBXFileReference; lastKnownFileType = sourcecode.swift; path = SearchBarResultCell.swift; sourceTree = "<group>"; };
		5A0D2BAB24E8205F00FAE3EF /* RewardCollectionViewCell.swift */ = {isa = PBXFileReference; lastKnownFileType = sourcecode.swift; path = RewardCollectionViewCell.swift; sourceTree = "<group>"; };
		5A0D2BAD24E8207F00FAE3EF /* RewardVC.swift */ = {isa = PBXFileReference; lastKnownFileType = sourcecode.swift; path = RewardVC.swift; sourceTree = "<group>"; };
		5A34873924E379AA00FC55E2 /* RewardCategory.swift */ = {isa = PBXFileReference; lastKnownFileType = sourcecode.swift; path = RewardCategory.swift; sourceTree = "<group>"; };
		5A34873B24E37BEE00FC55E2 /* RewardCategory.json */ = {isa = PBXFileReference; fileEncoding = 4; lastKnownFileType = text.json; path = RewardCategory.json; sourceTree = "<group>"; };
		5A34873D24E3844200FC55E2 /* UIColor.swift */ = {isa = PBXFileReference; lastKnownFileType = sourcecode.swift; path = UIColor.swift; sourceTree = "<group>"; };
		5A4F4B3A24E431D000874C0F /* FillInTheBlank.xib */ = {isa = PBXFileReference; lastKnownFileType = file.xib; path = FillInTheBlank.xib; sourceTree = "<group>"; };
		5A72BC4C24EA36E000DB71F9 /* DetailRewardVC.swift */ = {isa = PBXFileReference; lastKnownFileType = sourcecode.swift; path = DetailRewardVC.swift; sourceTree = "<group>"; };
		5A88366D24D905550044F1EA /* Locla.app */ = {isa = PBXFileReference; explicitFileType = wrapper.application; includeInIndex = 0; path = Locla.app; sourceTree = BUILT_PRODUCTS_DIR; };
		5A88367024D905550044F1EA /* AppDelegate.swift */ = {isa = PBXFileReference; lastKnownFileType = sourcecode.swift; path = AppDelegate.swift; sourceTree = "<group>"; };
		5A88367224D905550044F1EA /* SceneDelegate.swift */ = {isa = PBXFileReference; lastKnownFileType = sourcecode.swift; path = SceneDelegate.swift; sourceTree = "<group>"; };
		5A88367724D905550044F1EA /* Base */ = {isa = PBXFileReference; lastKnownFileType = file.storyboard; name = Base; path = Base.lproj/Main.storyboard; sourceTree = "<group>"; };
		5A88367924D905570044F1EA /* Assets.xcassets */ = {isa = PBXFileReference; lastKnownFileType = folder.assetcatalog; path = Assets.xcassets; sourceTree = "<group>"; };
		5A88367C24D905570044F1EA /* Base */ = {isa = PBXFileReference; lastKnownFileType = file.storyboard; name = Base; path = Base.lproj/LaunchScreen.storyboard; sourceTree = "<group>"; };
		5A88367E24D905570044F1EA /* Info.plist */ = {isa = PBXFileReference; lastKnownFileType = text.plist.xml; path = Info.plist; sourceTree = "<group>"; };
		5A88368B24D908A90044F1EA /* Vocabulary.storyboard */ = {isa = PBXFileReference; lastKnownFileType = file.storyboard; path = Vocabulary.storyboard; sourceTree = "<group>"; };
		5A88368F24D908D50044F1EA /* Profile.storyboard */ = {isa = PBXFileReference; lastKnownFileType = file.storyboard; path = Profile.storyboard; sourceTree = "<group>"; };
		5A88369624D90D230044F1EA /* VocabularyVC.swift */ = {isa = PBXFileReference; lastKnownFileType = sourcecode.swift; path = VocabularyVC.swift; sourceTree = "<group>"; };
		5A88369824D90D3F0044F1EA /* ProfileVC.swift */ = {isa = PBXFileReference; lastKnownFileType = sourcecode.swift; path = ProfileVC.swift; sourceTree = "<group>"; };
		5A9ED9E124E0FA4F00BE1200 /* ChatChallenge.swift */ = {isa = PBXFileReference; lastKnownFileType = sourcecode.swift; path = ChatChallenge.swift; sourceTree = "<group>"; };
		5A9ED9E324E0FB0B00BE1200 /* ListeningChallenge.swift */ = {isa = PBXFileReference; lastKnownFileType = sourcecode.swift; path = ListeningChallenge.swift; sourceTree = "<group>"; };
		5A9ED9E524E0FB5400BE1200 /* Location.swift */ = {isa = PBXFileReference; lastKnownFileType = sourcecode.swift; path = Location.swift; sourceTree = "<group>"; };
		5A9ED9E724E0FBEB00BE1200 /* RandomTip.swift */ = {isa = PBXFileReference; lastKnownFileType = sourcecode.swift; path = RandomTip.swift; sourceTree = "<group>"; };
		5A9ED9E924E0FCF900BE1200 /* Reward.swift */ = {isa = PBXFileReference; lastKnownFileType = sourcecode.swift; path = Reward.swift; sourceTree = "<group>"; };
		5A9ED9EB24E0FDAE00BE1200 /* Subtopic.swift */ = {isa = PBXFileReference; lastKnownFileType = sourcecode.swift; path = Subtopic.swift; sourceTree = "<group>"; };
		5A9ED9ED24E0FE1300BE1200 /* Topic.swift */ = {isa = PBXFileReference; lastKnownFileType = sourcecode.swift; path = Topic.swift; sourceTree = "<group>"; };
		5A9ED9EF24E0FFD000BE1200 /* Vocabulary.swift */ = {isa = PBXFileReference; lastKnownFileType = sourcecode.swift; path = Vocabulary.swift; sourceTree = "<group>"; };
		5A9ED9F324E1016B00BE1200 /* VocabularyChallenge.swift */ = {isa = PBXFileReference; lastKnownFileType = sourcecode.swift; path = VocabularyChallenge.swift; sourceTree = "<group>"; };
		5A9ED9F524E1021B00BE1200 /* VocabularyCategory.swift */ = {isa = PBXFileReference; lastKnownFileType = sourcecode.swift; path = VocabularyCategory.swift; sourceTree = "<group>"; };
		5A9ED9F724E1044900BE1200 /* VocabularyChallenge.json */ = {isa = PBXFileReference; fileEncoding = 4; lastKnownFileType = text.json; path = VocabularyChallenge.json; sourceTree = "<group>"; };
		5A9ED9F824E1044900BE1200 /* RandomTip.json */ = {isa = PBXFileReference; fileEncoding = 4; lastKnownFileType = text.json; path = RandomTip.json; sourceTree = "<group>"; };
		5A9ED9F924E1044900BE1200 /* Subtopic.json */ = {isa = PBXFileReference; fileEncoding = 4; lastKnownFileType = text.json; path = Subtopic.json; sourceTree = "<group>"; };
		5A9ED9FA24E1044900BE1200 /* ChatChallenge.json */ = {isa = PBXFileReference; fileEncoding = 4; lastKnownFileType = text.json; path = ChatChallenge.json; sourceTree = "<group>"; };
		5A9ED9FB24E1044900BE1200 /* ListeningChallenge.json */ = {isa = PBXFileReference; fileEncoding = 4; lastKnownFileType = text.json; path = ListeningChallenge.json; sourceTree = "<group>"; };
		5A9ED9FC24E1044900BE1200 /* Location.json */ = {isa = PBXFileReference; fileEncoding = 4; lastKnownFileType = text.json; path = Location.json; sourceTree = "<group>"; };
		5A9ED9FD24E1044900BE1200 /* Topic.json */ = {isa = PBXFileReference; fileEncoding = 4; lastKnownFileType = text.json; path = Topic.json; sourceTree = "<group>"; };
		5A9ED9FE24E1044900BE1200 /* VocabularyCategory.json */ = {isa = PBXFileReference; fileEncoding = 4; lastKnownFileType = text.json; path = VocabularyCategory.json; sourceTree = "<group>"; };
		5A9ED9FF24E1044900BE1200 /* Vocabulary.json */ = {isa = PBXFileReference; fileEncoding = 4; lastKnownFileType = text.json; path = Vocabulary.json; sourceTree = "<group>"; };
		5A9EDA0024E1044900BE1200 /* Reward.json */ = {isa = PBXFileReference; fileEncoding = 4; lastKnownFileType = text.json; path = Reward.json; sourceTree = "<group>"; };
		5A9EDA0C24E105C700BE1200 /* DataLoader.swift */ = {isa = PBXFileReference; lastKnownFileType = sourcecode.swift; path = DataLoader.swift; sourceTree = "<group>"; };
		5AA5714A24E6DF4500F21D72 /* RewardCategoryCollectionViewCell.swift */ = {isa = PBXFileReference; lastKnownFileType = sourcecode.swift; path = RewardCategoryCollectionViewCell.swift; sourceTree = "<group>"; };
		5AE13E0524E280A4003A077E /* LessonVC.swift */ = {isa = PBXFileReference; lastKnownFileType = sourcecode.swift; path = LessonVC.swift; sourceTree = "<group>"; };
		850BF72124E4DDAB00B5DE88 /* FillTheBlank.swift */ = {isa = PBXFileReference; lastKnownFileType = sourcecode.swift; path = FillTheBlank.swift; sourceTree = "<group>"; };
		856E7FA824E2B8FE0044CB36 /* SubtopikVC.swift */ = {isa = PBXFileReference; fileEncoding = 4; lastKnownFileType = sourcecode.swift; path = SubtopikVC.swift; sourceTree = "<group>"; };
		856E7FAA24E2B91F0044CB36 /* Lesson.storyboard */ = {isa = PBXFileReference; fileEncoding = 4; lastKnownFileType = file.storyboard; name = Lesson.storyboard; path = Topik/Lesson.storyboard; sourceTree = "<group>"; };
		856E7FAD24E2B93B0044CB36 /* TopikCollectionViewCell.xib */ = {isa = PBXFileReference; fileEncoding = 4; lastKnownFileType = file.xib; name = TopikCollectionViewCell.xib; path = Locla/View/Lesson/Topik/cells/TopikCollectionViewCell.xib; sourceTree = SOURCE_ROOT; };
		856E7FAE24E2B93B0044CB36 /* SubtopikCollectionViewCell.swift */ = {isa = PBXFileReference; fileEncoding = 4; lastKnownFileType = sourcecode.swift; name = SubtopikCollectionViewCell.swift; path = Locla/View/Lesson/Topik/cells/SubtopikCollectionViewCell.swift; sourceTree = SOURCE_ROOT; };
		856E7FAF24E2B93B0044CB36 /* SubtopikCollectionViewCell.xib */ = {isa = PBXFileReference; fileEncoding = 4; lastKnownFileType = file.xib; name = SubtopikCollectionViewCell.xib; path = Locla/View/Lesson/Topik/cells/SubtopikCollectionViewCell.xib; sourceTree = SOURCE_ROOT; };
		856E7FB024E2B93B0044CB36 /* TopikCollectionViewCell.swift */ = {isa = PBXFileReference; fileEncoding = 4; lastKnownFileType = sourcecode.swift; name = TopikCollectionViewCell.swift; path = Locla/View/Lesson/Topik/cells/TopikCollectionViewCell.swift; sourceTree = SOURCE_ROOT; };
		856E7FB624E2CC090044CB36 /* Mendengarkan.storyboard */ = {isa = PBXFileReference; fileEncoding = 4; lastKnownFileType = file.storyboard; name = Mendengarkan.storyboard; path = "Locla/View/Lesson/Challenge Mendengarkan/Mendengarkan.storyboard"; sourceTree = SOURCE_ROOT; };
		856E7FBF24E317480044CB36 /* IntroListeningVC.swift */ = {isa = PBXFileReference; lastKnownFileType = sourcecode.swift; path = IntroListeningVC.swift; sourceTree = "<group>"; };
		856E7FC124E3176F0044CB36 /* DialogListeningVC.swift */ = {isa = PBXFileReference; lastKnownFileType = sourcecode.swift; path = DialogListeningVC.swift; sourceTree = "<group>"; };
		856E7FC324E3178E0044CB36 /* ChallengeListeningVC.swift */ = {isa = PBXFileReference; lastKnownFileType = sourcecode.swift; path = ChallengeListeningVC.swift; sourceTree = "<group>"; };
		856E7FC524E3A9590044CB36 /* ListeningResultVC.swift */ = {isa = PBXFileReference; lastKnownFileType = sourcecode.swift; path = ListeningResultVC.swift; sourceTree = "<group>"; };
		856E7FC824E3AA270044CB36 /* NewWordsCollectionViewCell.swift */ = {isa = PBXFileReference; lastKnownFileType = sourcecode.swift; path = NewWordsCollectionViewCell.swift; sourceTree = "<group>"; };
		856E7FC924E3AA270044CB36 /* NewWordsCollectionViewCell.xib */ = {isa = PBXFileReference; lastKnownFileType = file.xib; path = NewWordsCollectionViewCell.xib; sourceTree = "<group>"; };
		85C7CA3D24E421C50025E1AA /* AlertStarVC.swift */ = {isa = PBXFileReference; lastKnownFileType = sourcecode.swift; path = AlertStarVC.swift; sourceTree = "<group>"; };
		85C7CA4024E4228B0025E1AA /* CustomAlert.storyboard */ = {isa = PBXFileReference; lastKnownFileType = file.storyboard; path = CustomAlert.storyboard; sourceTree = "<group>"; };
		85C7CA4324E471330025E1AA /* AlertExitVC.swift */ = {isa = PBXFileReference; lastKnownFileType = sourcecode.swift; path = AlertExitVC.swift; sourceTree = "<group>"; };
		85C7CA4624E47E450025E1AA /* Kosakata.storyboard */ = {isa = PBXFileReference; lastKnownFileType = file.storyboard; path = Kosakata.storyboard; sourceTree = "<group>"; };
		85C7CA4824E482900025E1AA /* IntroKosakataVC.swift */ = {isa = PBXFileReference; lastKnownFileType = sourcecode.swift; path = IntroKosakataVC.swift; sourceTree = "<group>"; };
		85C7CA4C24E482C90025E1AA /* KosakataResultVC.swift */ = {isa = PBXFileReference; lastKnownFileType = sourcecode.swift; path = KosakataResultVC.swift; sourceTree = "<group>"; };
		85C7CA4E24E482E40025E1AA /* ChallengeKosakataVC.swift */ = {isa = PBXFileReference; lastKnownFileType = sourcecode.swift; path = ChallengeKosakataVC.swift; sourceTree = "<group>"; };
		85C7CA5024E483360025E1AA /* ListKosakataVC.swift */ = {isa = PBXFileReference; lastKnownFileType = sourcecode.swift; path = ListKosakataVC.swift; sourceTree = "<group>"; };
		85C7CA5324E49A2E0025E1AA /* ListKosakataTableViewCell.swift */ = {isa = PBXFileReference; lastKnownFileType = sourcecode.swift; path = ListKosakataTableViewCell.swift; sourceTree = "<group>"; };
		85C7CA5424E49A2E0025E1AA /* ListKosakataTableViewCell.xib */ = {isa = PBXFileReference; lastKnownFileType = file.xib; path = ListKosakataTableViewCell.xib; sourceTree = "<group>"; };
		85FDE81F24EA1FE300D0B753 /* Petunjuk.swift */ = {isa = PBXFileReference; lastKnownFileType = sourcecode.swift; path = Petunjuk.swift; sourceTree = "<group>"; };
		E92092BA24E191E7006D254A /* RewardCategoryVC.swift */ = {isa = PBXFileReference; lastKnownFileType = sourcecode.swift; path = RewardCategoryVC.swift; sourceTree = "<group>"; };
		E9782F7A24E7A1D3009AF5A6 /* Ikan_SBY.mp3 */ = {isa = PBXFileReference; lastKnownFileType = audio.mp3; path = Ikan_SBY.mp3; sourceTree = "<group>"; };
		E9782F7B24E7A1D3009AF5A6 /* Jualan_SBY.mp3 */ = {isa = PBXFileReference; lastKnownFileType = audio.mp3; path = Jualan_SBY.mp3; sourceTree = "<group>"; };
		E9782F7C24E7A1D3009AF5A6 /* Apa_SBY.mp3 */ = {isa = PBXFileReference; lastKnownFileType = audio.mp3; path = Apa_SBY.mp3; sourceTree = "<group>"; };
		E9782F7D24E7A1D3009AF5A6 /* Kita_SBY.mp3 */ = {isa = PBXFileReference; lastKnownFileType = audio.mp3; path = Kita_SBY.mp3; sourceTree = "<group>"; };
		E9782F7E24E7A1D3009AF5A6 /* Makan_SBY.mp3 */ = {isa = PBXFileReference; lastKnownFileType = audio.mp3; path = Makan_SBY.mp3; sourceTree = "<group>"; };
		E9782F7F24E7A1D3009AF5A6 /* Satu_SBY.mp3 */ = {isa = PBXFileReference; lastKnownFileType = audio.mp3; path = Satu_SBY.mp3; sourceTree = "<group>"; };
		E9782F8024E7A1D3009AF5A6 /* Teman_SBY.mp3 */ = {isa = PBXFileReference; lastKnownFileType = audio.mp3; path = Teman_SBY.mp3; sourceTree = "<group>"; };
		E9782F8124E7A1D3009AF5A6 /* Dari_SBY.mp3 */ = {isa = PBXFileReference; lastKnownFileType = audio.mp3; path = Dari_SBY.mp3; sourceTree = "<group>"; };
		E9782F8224E7A1D3009AF5A6 /* Mana_SBY.mp3 */ = {isa = PBXFileReference; lastKnownFileType = audio.mp3; path = Mana_SBY.mp3; sourceTree = "<group>"; };
		E9782F8324E7A1D3009AF5A6 /* Di_SBY.mp3 */ = {isa = PBXFileReference; lastKnownFileType = audio.mp3; path = Di_SBY.mp3; sourceTree = "<group>"; };
		E9782F8424E7A1D3009AF5A6 /* Berapa_SBY.mp3 */ = {isa = PBXFileReference; lastKnownFileType = audio.mp3; path = Berapa_SBY.mp3; sourceTree = "<group>"; };
		E9782F8524E7A1D3009AF5A6 /* Beli_SBY.mp3 */ = {isa = PBXFileReference; lastKnownFileType = audio.mp3; path = Beli_SBY.mp3; sourceTree = "<group>"; };
		E9782F8624E7A1D3009AF5A6 /* Harga_SBY.mp3 */ = {isa = PBXFileReference; lastKnownFileType = audio.mp3; path = Harga_SBY.mp3; sourceTree = "<group>"; };
		E9782F8724E7A1D3009AF5A6 /* Siapa_SBY.mp3 */ = {isa = PBXFileReference; lastKnownFileType = audio.mp3; path = Siapa_SBY.mp3; sourceTree = "<group>"; };
		E9782F8824E7A1D3009AF5A6 /* Mau_SBY.mp3 */ = {isa = PBXFileReference; lastKnownFileType = audio.mp3; path = Mau_SBY.mp3; sourceTree = "<group>"; };
		E9782F8924E7A1D3009AF5A6 /* Cuman_SBY.mp3 */ = {isa = PBXFileReference; lastKnownFileType = audio.mp3; path = Cuman_SBY.mp3; sourceTree = "<group>"; };
		E9782F8A24E7A1D3009AF5A6 /* Kembalian_SBY.mp3 */ = {isa = PBXFileReference; lastKnownFileType = audio.mp3; path = Kembalian_SBY.mp3; sourceTree = "<group>"; };
		E9782F8B24E7A1D3009AF5A6 /* Nasi_SBY.mp3 */ = {isa = PBXFileReference; lastKnownFileType = audio.mp3; path = Nasi_SBY.mp3; sourceTree = "<group>"; };
		E9782F8C24E7A1D3009AF5A6 /* Belanja_SBY.mp3 */ = {isa = PBXFileReference; lastKnownFileType = audio.mp3; path = Belanja_SBY.mp3; sourceTree = "<group>"; };
		E9782F8D24E7A1D3009AF5A6 /* Kamu_SBY.mp3 */ = {isa = PBXFileReference; lastKnownFileType = audio.mp3; path = Kamu_SBY.mp3; sourceTree = "<group>"; };
		E9782F8E24E7A1D3009AF5A6 /* Nama_SBY.mp3 */ = {isa = PBXFileReference; lastKnownFileType = audio.mp3; path = Nama_SBY.mp3; sourceTree = "<group>"; };
		E9782F8F24E7A1D3009AF5A6 /* Ngapain_SBY.mp3 */ = {isa = PBXFileReference; lastKnownFileType = audio.mp3; path = Ngapain_SBY.mp3; sourceTree = "<group>"; };
		E9782F9024E7A1D3009AF5A6 /* Cari_SBY.mp3 */ = {isa = PBXFileReference; lastKnownFileType = audio.mp3; path = Cari_SBY.mp3; sourceTree = "<group>"; };
		E9782F9124E7A1D3009AF5A6 /* Kau_SBY.mp3 */ = {isa = PBXFileReference; lastKnownFileType = audio.mp3; path = Kau_SBY.mp3; sourceTree = "<group>"; };
		E9782F9324E7A1D3009AF5A6 /* Self_018_Sub2_SBY.mp3 */ = {isa = PBXFileReference; lastKnownFileType = audio.mp3; path = Self_018_Sub2_SBY.mp3; sourceTree = "<group>"; };
		E9782F9424E7A1D3009AF5A6 /* Self_019_Sub2_SBY.mp3 */ = {isa = PBXFileReference; lastKnownFileType = audio.mp3; path = Self_019_Sub2_SBY.mp3; sourceTree = "<group>"; };
		E9782F9524E7A1D3009AF5A6 /* Opponent_020_Sub2_SBY.mp3 */ = {isa = PBXFileReference; lastKnownFileType = audio.mp3; path = Opponent_020_Sub2_SBY.mp3; sourceTree = "<group>"; };
		E9782F9624E7A1D3009AF5A6 /* Opponent_017_Sub2_SBY.mp3 */ = {isa = PBXFileReference; lastKnownFileType = audio.mp3; path = Opponent_017_Sub2_SBY.mp3; sourceTree = "<group>"; };
		E9782F9724E7A1D3009AF5A6 /* Opponent_021_Sub2_SBY.mp3 */ = {isa = PBXFileReference; lastKnownFileType = audio.mp3; path = Opponent_021_Sub2_SBY.mp3; sourceTree = "<group>"; };
		E9782F9824E7A1D3009AF5A6 /* Self_021_Sub2_SBY.mp3 */ = {isa = PBXFileReference; lastKnownFileType = audio.mp3; path = Self_021_Sub2_SBY.mp3; sourceTree = "<group>"; };
		E9782F9924E7A1D3009AF5A6 /* Self_017_Sub2_SBY.mp3 */ = {isa = PBXFileReference; lastKnownFileType = audio.mp3; path = Self_017_Sub2_SBY.mp3; sourceTree = "<group>"; };
		E9782F9A24E7A1D3009AF5A6 /* Self_020_Sub2_SBY.mp3 */ = {isa = PBXFileReference; lastKnownFileType = audio.mp3; path = Self_020_Sub2_SBY.mp3; sourceTree = "<group>"; };
		E9782F9B24E7A1D3009AF5A6 /* Opponent_019_Sub2_SBY.mp3 */ = {isa = PBXFileReference; lastKnownFileType = audio.mp3; path = Opponent_019_Sub2_SBY.mp3; sourceTree = "<group>"; };
		E9782F9C24E7A1D3009AF5A6 /* Opponent_018_Sub2_SBY.mp3 */ = {isa = PBXFileReference; lastKnownFileType = audio.mp3; path = Opponent_018_Sub2_SBY.mp3; sourceTree = "<group>"; };
		E9782F9E24E7A1D3009AF5A6 /* Opponent_004_Sub2_SBY.mp3 */ = {isa = PBXFileReference; lastKnownFileType = audio.mp3; path = Opponent_004_Sub2_SBY.mp3; sourceTree = "<group>"; };
		E9782F9F24E7A1D3009AF5A6 /* Opponent_003_Sub2_SBY.mp3 */ = {isa = PBXFileReference; lastKnownFileType = audio.mp3; path = Opponent_003_Sub2_SBY.mp3; sourceTree = "<group>"; };
		E9782FA024E7A1D3009AF5A6 /* Self_006_Sub2_SBY.mp3 */ = {isa = PBXFileReference; lastKnownFileType = audio.mp3; path = Self_006_Sub2_SBY.mp3; sourceTree = "<group>"; };
		E9782FA124E7A1D3009AF5A6 /* Self_001_Sub2_SBY.mp3 */ = {isa = PBXFileReference; lastKnownFileType = audio.mp3; path = Self_001_Sub2_SBY.mp3; sourceTree = "<group>"; };
		E9782FA224E7A1D3009AF5A6 /* Opponent_002_Sub2_SBY.mp3 */ = {isa = PBXFileReference; lastKnownFileType = audio.mp3; path = Opponent_002_Sub2_SBY.mp3; sourceTree = "<group>"; };
		E9782FA324E7A1D3009AF5A6 /* Opponent_005_Sub2_SBY.mp3 */ = {isa = PBXFileReference; lastKnownFileType = audio.mp3; path = Opponent_005_Sub2_SBY.mp3; sourceTree = "<group>"; };
		E9782FA424E7A1D3009AF5A6 /* Self_005_Sub2_SBY.mp3 */ = {isa = PBXFileReference; lastKnownFileType = audio.mp3; path = Self_005_Sub2_SBY.mp3; sourceTree = "<group>"; };
		E9782FA524E7A1D3009AF5A6 /* Self_002_Sub2_SBY.mp3 */ = {isa = PBXFileReference; lastKnownFileType = audio.mp3; path = Self_002_Sub2_SBY.mp3; sourceTree = "<group>"; };
		E9782FA624E7A1D3009AF5A6 /* Opponent_001_Sub2_SBY.mp3 */ = {isa = PBXFileReference; lastKnownFileType = audio.mp3; path = Opponent_001_Sub2_SBY.mp3; sourceTree = "<group>"; };
		E9782FA724E7A1D3009AF5A6 /* Opponent_006_Sub2_SBY.mp3 */ = {isa = PBXFileReference; lastKnownFileType = audio.mp3; path = Opponent_006_Sub2_SBY.mp3; sourceTree = "<group>"; };
		E9782FA824E7A1D3009AF5A6 /* Self_003_Sub2_SBY.mp3 */ = {isa = PBXFileReference; lastKnownFileType = audio.mp3; path = Self_003_Sub2_SBY.mp3; sourceTree = "<group>"; };
		E9782FA924E7A1D3009AF5A6 /* Self_004_Sub2_SBY.mp3 */ = {isa = PBXFileReference; lastKnownFileType = audio.mp3; path = Self_004_Sub2_SBY.mp3; sourceTree = "<group>"; };
		E9782FAB24E7A1D3009AF5A6 /* Opponent_016_Sub2_SBY.mp3 */ = {isa = PBXFileReference; lastKnownFileType = audio.mp3; path = Opponent_016_Sub2_SBY.mp3; sourceTree = "<group>"; };
		E9782FAC24E7A1D3009AF5A6 /* Self_014_Sub2_SBY.mp3 */ = {isa = PBXFileReference; lastKnownFileType = audio.mp3; path = Self_014_Sub2_SBY.mp3; sourceTree = "<group>"; };
		E9782FAD24E7A1D3009AF5A6 /* Self_013_Sub2_SBY.mp3 */ = {isa = PBXFileReference; lastKnownFileType = audio.mp3; path = Self_013_Sub2_SBY.mp3; sourceTree = "<group>"; };
		E9782FAE24E7A1D3009AF5A6 /* Self_012_Sub2_SBY.mp3 */ = {isa = PBXFileReference; lastKnownFileType = audio.mp3; path = Self_012_Sub2_SBY.mp3; sourceTree = "<group>"; };
		E9782FAF24E7A1D3009AF5A6 /* Self_015_Sub2_SBY.mp3 */ = {isa = PBXFileReference; lastKnownFileType = audio.mp3; path = Self_015_Sub2_SBY.mp3; sourceTree = "<group>"; };
		E9782FB024E7A1D3009AF5A6 /* Opponent_015_Sub2_SBY.mp3 */ = {isa = PBXFileReference; lastKnownFileType = audio.mp3; path = Opponent_015_Sub2_SBY.mp3; sourceTree = "<group>"; };
		E9782FB124E7A1D3009AF5A6 /* Opponent_012_Sub2_SBY.mp3 */ = {isa = PBXFileReference; lastKnownFileType = audio.mp3; path = Opponent_012_Sub2_SBY.mp3; sourceTree = "<group>"; };
		E9782FB224E7A1D3009AF5A6 /* Opponent_013_Sub2_SBY.mp3 */ = {isa = PBXFileReference; lastKnownFileType = audio.mp3; path = Opponent_013_Sub2_SBY.mp3; sourceTree = "<group>"; };
		E9782FB324E7A1D3009AF5A6 /* Opponent_014_Sub2_SBY.mp3 */ = {isa = PBXFileReference; lastKnownFileType = audio.mp3; path = Opponent_014_Sub2_SBY.mp3; sourceTree = "<group>"; };
		E9782FB424E7A1D3009AF5A6 /* Self_016_Sub2_SBY.mp3 */ = {isa = PBXFileReference; lastKnownFileType = audio.mp3; path = Self_016_Sub2_SBY.mp3; sourceTree = "<group>"; };
		E9782FB624E7A1D3009AF5A6 /* Clue_001_Sub3_SBY.mp3 */ = {isa = PBXFileReference; lastKnownFileType = audio.mp3; path = Clue_001_Sub3_SBY.mp3; sourceTree = "<group>"; };
		E9782FB724E7A1D3009AF5A6 /* Clue_022_Sub3_SBY.mp3 */ = {isa = PBXFileReference; lastKnownFileType = audio.mp3; path = Clue_022_Sub3_SBY.mp3; sourceTree = "<group>"; };
		E9782FB824E7A1D3009AF5A6 /* Clue_021_Sub3_SBY.mp3 */ = {isa = PBXFileReference; lastKnownFileType = audio.mp3; path = Clue_021_Sub3_SBY.mp3; sourceTree = "<group>"; };
/* End PBXFileReference section */

/* Begin PBXFrameworksBuildPhase section */
		5A88366A24D905550044F1EA /* Frameworks */ = {
			isa = PBXFrameworksBuildPhase;
			buildActionMask = 2147483647;
			files = (
			);
			runOnlyForDeploymentPostprocessing = 0;
		};
/* End PBXFrameworksBuildPhase section */

/* Begin PBXGroup section */
		5A34873F24E38DDD00FC55E2 /* Extensions */ = {
			isa = PBXGroup;
			children = (
				5A34873D24E3844200FC55E2 /* UIColor.swift */,
			);
			path = Extensions;
			sourceTree = "<group>";
		};
		5A4F4B3924E4319600874C0F /* Container */ = {
			isa = PBXGroup;
			children = (
				5A4F4B3A24E431D000874C0F /* FillInTheBlank.xib */,
				850BF72124E4DDAB00B5DE88 /* FillTheBlank.swift */,
			);
			path = Container;
			sourceTree = "<group>";
		};
		5A88366424D905550044F1EA = {
			isa = PBXGroup;
			children = (
				5A88366F24D905550044F1EA /* Locla */,
				5A88366E24D905550044F1EA /* Products */,
			);
			sourceTree = "<group>";
		};
		5A88366E24D905550044F1EA /* Products */ = {
			isa = PBXGroup;
			children = (
				5A88366D24D905550044F1EA /* Locla.app */,
			);
			name = Products;
			sourceTree = "<group>";
		};
		5A88366F24D905550044F1EA /* Locla */ = {
			isa = PBXGroup;
			children = (
				E9782FF424E7A1D8009AF5A6 /* Assets */,
				5A9EDA0B24E1055000BE1200 /* Util */,
				5A9ED9C824E0ED3B00BE1200 /* JSON */,
				5A88368724D905DF0044F1EA /* Controller */,
				5A88368624D905CF0044F1EA /* View */,
				5A88368424D905C00044F1EA /* Model */,
				5A88367024D905550044F1EA /* AppDelegate.swift */,
				5A88367224D905550044F1EA /* SceneDelegate.swift */,
				5A88367924D905570044F1EA /* Assets.xcassets */,
				5A88367B24D905570044F1EA /* LaunchScreen.storyboard */,
				5A88367E24D905570044F1EA /* Info.plist */,
			);
			path = Locla;
			sourceTree = "<group>";
		};
		5A88368424D905C00044F1EA /* Model */ = {
			isa = PBXGroup;
			children = (
				5A9ED9E124E0FA4F00BE1200 /* ChatChallenge.swift */,
				5A9ED9E324E0FB0B00BE1200 /* ListeningChallenge.swift */,
				5A9ED9E524E0FB5400BE1200 /* Location.swift */,
				5A9ED9E724E0FBEB00BE1200 /* RandomTip.swift */,
				5A9ED9E924E0FCF900BE1200 /* Reward.swift */,
				5A9ED9EB24E0FDAE00BE1200 /* Subtopic.swift */,
				5A9ED9ED24E0FE1300BE1200 /* Topic.swift */,
				5A9ED9EF24E0FFD000BE1200 /* Vocabulary.swift */,
				5A9ED9F324E1016B00BE1200 /* VocabularyChallenge.swift */,
				5A9ED9F524E1021B00BE1200 /* VocabularyCategory.swift */,
				5A34873924E379AA00FC55E2 /* RewardCategory.swift */,
			);
			path = Model;
			sourceTree = "<group>";
		};
		5A88368624D905CF0044F1EA /* View */ = {
			isa = PBXGroup;
			children = (
				5A4F4B3924E4319600874C0F /* Container */,
				85C7CA4524E47E160025E1AA /* Challenge Kosakata */,
				856E7FB524E2CBBD0044CB36 /* Challenge Mendengarkan */,
				5A88368824D9086A0044F1EA /* Lesson */,
				5A88368924D908760044F1EA /* Vocabulary */,
				5A88368A24D908890044F1EA /* Profile */,
				85C7CA3F24E422580025E1AA /* Custom Alert */,
				5A88367624D905550044F1EA /* Main.storyboard */,
			);
			path = View;
			sourceTree = "<group>";
		};
		5A88368724D905DF0044F1EA /* Controller */ = {
			isa = PBXGroup;
			children = (
				5A88369224D90CC80044F1EA /* Lesson */,
				5A88369324D90CCF0044F1EA /* Vocabulary */,
				5A88369124D90CB70044F1EA /* Profile */,
				856E7FBB24E315A70044CB36 /* Result */,
				856E7FBC24E315B70044CB36 /* Keluar */,
				856E7FBA24E315810044CB36 /* Challenge Obrolan */,
				856E7FB924E315700044CB36 /* Challenge Kosakata */,
				856E7FB824E315630044CB36 /* Challenge Mendengarkan */,
				85C7CA4224E465200025E1AA /* Custom Alert */,
				85FDE81F24EA1FE300D0B753 /* Petunjuk.swift */,
			);
			path = Controller;
			sourceTree = "<group>";
		};
		5A88368824D9086A0044F1EA /* Lesson */ = {
			isa = PBXGroup;
			children = (
				856E7FAA24E2B91F0044CB36 /* Lesson.storyboard */,
				856E7FAC24E2B9230044CB36 /* cells */,
			);
			path = Lesson;
			sourceTree = "<group>";
		};
		5A88368924D908760044F1EA /* Vocabulary */ = {
			isa = PBXGroup;
			children = (
				0F3B31A324E2E5E900891C1B /* VocabCategoryDetailsCell.swift */,
				0F3B31A424E2E5E900891C1B /* VocabularyCategoryCell.swift */,
				0F4B000824E426890070CA25 /* SearchBarResultCell.swift */,
				0F3B31A524E2E5E900891C1B /* VocabularyCategoryCell.xib */,
				5A88368B24D908A90044F1EA /* Vocabulary.storyboard */,
			);
			path = Vocabulary;
			sourceTree = "<group>";
		};
		5A88368A24D908890044F1EA /* Profile */ = {
			isa = PBXGroup;
			children = (
				5A88368F24D908D50044F1EA /* Profile.storyboard */,
			);
			path = Profile;
			sourceTree = "<group>";
		};
		5A88369124D90CB70044F1EA /* Profile */ = {
			isa = PBXGroup;
			children = (
				5A88369824D90D3F0044F1EA /* ProfileVC.swift */,
				E92092BA24E191E7006D254A /* RewardCategoryVC.swift */,
				5AA5714A24E6DF4500F21D72 /* RewardCategoryCollectionViewCell.swift */,
				5A0D2BAB24E8205F00FAE3EF /* RewardCollectionViewCell.swift */,
				5A0D2BAD24E8207F00FAE3EF /* RewardVC.swift */,
				5A72BC4C24EA36E000DB71F9 /* DetailRewardVC.swift */,
			);
			path = Profile;
			sourceTree = "<group>";
		};
		5A88369224D90CC80044F1EA /* Lesson */ = {
			isa = PBXGroup;
			children = (
				856E7FA824E2B8FE0044CB36 /* SubtopikVC.swift */,
				5AE13E0524E280A4003A077E /* LessonVC.swift */,
			);
			path = Lesson;
			sourceTree = "<group>";
		};
		5A88369324D90CCF0044F1EA /* Vocabulary */ = {
			isa = PBXGroup;
			children = (
				5A88369624D90D230044F1EA /* VocabularyVC.swift */,
				0F3B31A124E2E5DA00891C1B /* VocabularyDetailVC.swift */,
				0F4B000624E425E70070CA25 /* SearchBarVC.swift */,
			);
			path = Vocabulary;
			sourceTree = "<group>";
		};
		5A9ED9C824E0ED3B00BE1200 /* JSON */ = {
			isa = PBXGroup;
			children = (
				5A9ED9FA24E1044900BE1200 /* ChatChallenge.json */,
				5A9ED9FB24E1044900BE1200 /* ListeningChallenge.json */,
				5A34873B24E37BEE00FC55E2 /* RewardCategory.json */,
				5A9ED9FC24E1044900BE1200 /* Location.json */,
				5A9ED9F824E1044900BE1200 /* RandomTip.json */,
				5A9EDA0024E1044900BE1200 /* Reward.json */,
				5A9ED9F924E1044900BE1200 /* Subtopic.json */,
				5A9ED9FD24E1044900BE1200 /* Topic.json */,
				5A9ED9FF24E1044900BE1200 /* Vocabulary.json */,
				5A9ED9FE24E1044900BE1200 /* VocabularyCategory.json */,
				5A9ED9F724E1044900BE1200 /* VocabularyChallenge.json */,
			);
			path = JSON;
			sourceTree = "<group>";
		};
		5A9EDA0B24E1055000BE1200 /* Util */ = {
			isa = PBXGroup;
			children = (
				5A9EDA0C24E105C700BE1200 /* DataLoader.swift */,
				5A34873F24E38DDD00FC55E2 /* Extensions */,
			);
			path = Util;
			sourceTree = "<group>";
		};
		856E7FAC24E2B9230044CB36 /* cells */ = {
			isa = PBXGroup;
			children = (
				856E7FAE24E2B93B0044CB36 /* SubtopikCollectionViewCell.swift */,
				856E7FAF24E2B93B0044CB36 /* SubtopikCollectionViewCell.xib */,
				856E7FB024E2B93B0044CB36 /* TopikCollectionViewCell.swift */,
				856E7FAD24E2B93B0044CB36 /* TopikCollectionViewCell.xib */,
			);
			path = cells;
			sourceTree = "<group>";
		};
		856E7FB524E2CBBD0044CB36 /* Challenge Mendengarkan */ = {
			isa = PBXGroup;
			children = (
				856E7FB624E2CC090044CB36 /* Mendengarkan.storyboard */,
				856E7FC724E3A9830044CB36 /* cells */,
			);
			path = "Challenge Mendengarkan";
			sourceTree = "<group>";
		};
		856E7FB824E315630044CB36 /* Challenge Mendengarkan */ = {
			isa = PBXGroup;
			children = (
				856E7FBF24E317480044CB36 /* IntroListeningVC.swift */,
				856E7FC124E3176F0044CB36 /* DialogListeningVC.swift */,
				856E7FC324E3178E0044CB36 /* ChallengeListeningVC.swift */,
				856E7FC524E3A9590044CB36 /* ListeningResultVC.swift */,
			);
			path = "Challenge Mendengarkan";
			sourceTree = "<group>";
		};
		856E7FB924E315700044CB36 /* Challenge Kosakata */ = {
			isa = PBXGroup;
			children = (
				85C7CA5024E483360025E1AA /* ListKosakataVC.swift */,
				85C7CA4824E482900025E1AA /* IntroKosakataVC.swift */,
				85C7CA4E24E482E40025E1AA /* ChallengeKosakataVC.swift */,
				85C7CA4C24E482C90025E1AA /* KosakataResultVC.swift */,
			);
			path = "Challenge Kosakata";
			sourceTree = "<group>";
		};
		856E7FBA24E315810044CB36 /* Challenge Obrolan */ = {
			isa = PBXGroup;
			children = (
			);
			path = "Challenge Obrolan";
			sourceTree = "<group>";
		};
		856E7FBB24E315A70044CB36 /* Result */ = {
			isa = PBXGroup;
			children = (
			);
			path = Result;
			sourceTree = "<group>";
		};
		856E7FBC24E315B70044CB36 /* Keluar */ = {
			isa = PBXGroup;
			children = (
			);
			path = Keluar;
			sourceTree = "<group>";
		};
		856E7FC724E3A9830044CB36 /* cells */ = {
			isa = PBXGroup;
			children = (
				856E7FC824E3AA270044CB36 /* NewWordsCollectionViewCell.swift */,
				856E7FC924E3AA270044CB36 /* NewWordsCollectionViewCell.xib */,
			);
			path = cells;
			sourceTree = "<group>";
		};
		85C7CA3F24E422580025E1AA /* Custom Alert */ = {
			isa = PBXGroup;
			children = (
				85C7CA4024E4228B0025E1AA /* CustomAlert.storyboard */,
			);
			path = "Custom Alert";
			sourceTree = "<group>";
		};
		85C7CA4224E465200025E1AA /* Custom Alert */ = {
			isa = PBXGroup;
			children = (
				85C7CA3D24E421C50025E1AA /* AlertStarVC.swift */,
				85C7CA4324E471330025E1AA /* AlertExitVC.swift */,
			);
			path = "Custom Alert";
			sourceTree = "<group>";
		};
		85C7CA4524E47E160025E1AA /* Challenge Kosakata */ = {
			isa = PBXGroup;
			children = (
				85C7CA4624E47E450025E1AA /* Kosakata.storyboard */,
				85C7CA5224E499880025E1AA /* cells */,
			);
			path = "Challenge Kosakata";
			sourceTree = "<group>";
		};
		85C7CA5224E499880025E1AA /* cells */ = {
			isa = PBXGroup;
			children = (
				85C7CA5324E49A2E0025E1AA /* ListKosakataTableViewCell.swift */,
				85C7CA5424E49A2E0025E1AA /* ListKosakataTableViewCell.xib */,
			);
			path = cells;
			sourceTree = "<group>";
		};
		E9782F7924E7A1D3009AF5A6 /* Vocabulary */ = {
			isa = PBXGroup;
			children = (
				E9782F7A24E7A1D3009AF5A6 /* Ikan_SBY.mp3 */,
				E9782F7B24E7A1D3009AF5A6 /* Jualan_SBY.mp3 */,
				E9782F7C24E7A1D3009AF5A6 /* Apa_SBY.mp3 */,
				E9782F7D24E7A1D3009AF5A6 /* Kita_SBY.mp3 */,
				E9782F7E24E7A1D3009AF5A6 /* Makan_SBY.mp3 */,
				E9782F7F24E7A1D3009AF5A6 /* Satu_SBY.mp3 */,
				E9782F8024E7A1D3009AF5A6 /* Teman_SBY.mp3 */,
				E9782F8124E7A1D3009AF5A6 /* Dari_SBY.mp3 */,
				E9782F8224E7A1D3009AF5A6 /* Mana_SBY.mp3 */,
				E9782F8324E7A1D3009AF5A6 /* Di_SBY.mp3 */,
				E9782F8424E7A1D3009AF5A6 /* Berapa_SBY.mp3 */,
				E9782F8524E7A1D3009AF5A6 /* Beli_SBY.mp3 */,
				E9782F8624E7A1D3009AF5A6 /* Harga_SBY.mp3 */,
				E9782F8724E7A1D3009AF5A6 /* Siapa_SBY.mp3 */,
				E9782F8824E7A1D3009AF5A6 /* Mau_SBY.mp3 */,
				E9782F8924E7A1D3009AF5A6 /* Cuman_SBY.mp3 */,
				E9782F8A24E7A1D3009AF5A6 /* Kembalian_SBY.mp3 */,
				E9782F8B24E7A1D3009AF5A6 /* Nasi_SBY.mp3 */,
				E9782F8C24E7A1D3009AF5A6 /* Belanja_SBY.mp3 */,
				E9782F8D24E7A1D3009AF5A6 /* Kamu_SBY.mp3 */,
				E9782F8E24E7A1D3009AF5A6 /* Nama_SBY.mp3 */,
				E9782F8F24E7A1D3009AF5A6 /* Ngapain_SBY.mp3 */,
				E9782F9024E7A1D3009AF5A6 /* Cari_SBY.mp3 */,
				E9782F9124E7A1D3009AF5A6 /* Kau_SBY.mp3 */,
			);
			path = Vocabulary;
			sourceTree = "<group>";
		};
		E9782F9224E7A1D3009AF5A6 /* ChallengeChat2.2 */ = {
			isa = PBXGroup;
			children = (
				E9782F9324E7A1D3009AF5A6 /* Self_018_Sub2_SBY.mp3 */,
				E9782F9424E7A1D3009AF5A6 /* Self_019_Sub2_SBY.mp3 */,
				E9782F9524E7A1D3009AF5A6 /* Opponent_020_Sub2_SBY.mp3 */,
				E9782F9624E7A1D3009AF5A6 /* Opponent_017_Sub2_SBY.mp3 */,
				E9782F9724E7A1D3009AF5A6 /* Opponent_021_Sub2_SBY.mp3 */,
				E9782F9824E7A1D3009AF5A6 /* Self_021_Sub2_SBY.mp3 */,
				E9782F9924E7A1D3009AF5A6 /* Self_017_Sub2_SBY.mp3 */,
				E9782F9A24E7A1D3009AF5A6 /* Self_020_Sub2_SBY.mp3 */,
				E9782F9B24E7A1D3009AF5A6 /* Opponent_019_Sub2_SBY.mp3 */,
				E9782F9C24E7A1D3009AF5A6 /* Opponent_018_Sub2_SBY.mp3 */,
			);
			path = ChallengeChat2.2;
			sourceTree = "<group>";
		};
		E9782F9D24E7A1D3009AF5A6 /* ChallengeChat1 */ = {
			isa = PBXGroup;
			children = (
				E9782F9E24E7A1D3009AF5A6 /* Opponent_004_Sub2_SBY.mp3 */,
				E9782F9F24E7A1D3009AF5A6 /* Opponent_003_Sub2_SBY.mp3 */,
				E9782FA024E7A1D3009AF5A6 /* Self_006_Sub2_SBY.mp3 */,
				E9782FA124E7A1D3009AF5A6 /* Self_001_Sub2_SBY.mp3 */,
				E9782FA224E7A1D3009AF5A6 /* Opponent_002_Sub2_SBY.mp3 */,
				E9782FA324E7A1D3009AF5A6 /* Opponent_005_Sub2_SBY.mp3 */,
				E9782FA424E7A1D3009AF5A6 /* Self_005_Sub2_SBY.mp3 */,
				E9782FA524E7A1D3009AF5A6 /* Self_002_Sub2_SBY.mp3 */,
				E9782FA624E7A1D3009AF5A6 /* Opponent_001_Sub2_SBY.mp3 */,
				E9782FA724E7A1D3009AF5A6 /* Opponent_006_Sub2_SBY.mp3 */,
				E9782FA824E7A1D3009AF5A6 /* Self_003_Sub2_SBY.mp3 */,
				E9782FA924E7A1D3009AF5A6 /* Self_004_Sub2_SBY.mp3 */,
			);
			path = ChallengeChat1;
			sourceTree = "<group>";
		};
		E9782FAA24E7A1D3009AF5A6 /* ChallengeChat2.1 */ = {
			isa = PBXGroup;
			children = (
				E9782FAB24E7A1D3009AF5A6 /* Opponent_016_Sub2_SBY.mp3 */,
				E9782FAC24E7A1D3009AF5A6 /* Self_014_Sub2_SBY.mp3 */,
				E9782FAD24E7A1D3009AF5A6 /* Self_013_Sub2_SBY.mp3 */,
				E9782FAE24E7A1D3009AF5A6 /* Self_012_Sub2_SBY.mp3 */,
				E9782FAF24E7A1D3009AF5A6 /* Self_015_Sub2_SBY.mp3 */,
				E9782FB024E7A1D3009AF5A6 /* Opponent_015_Sub2_SBY.mp3 */,
				E9782FB124E7A1D3009AF5A6 /* Opponent_012_Sub2_SBY.mp3 */,
				E9782FB224E7A1D3009AF5A6 /* Opponent_013_Sub2_SBY.mp3 */,
				E9782FB324E7A1D3009AF5A6 /* Opponent_014_Sub2_SBY.mp3 */,
				E9782FB424E7A1D3009AF5A6 /* Self_016_Sub2_SBY.mp3 */,
			);
			path = ChallengeChat2.1;
			sourceTree = "<group>";
		};
		E9782FB524E7A1D3009AF5A6 /* ChallengeListen */ = {
			isa = PBXGroup;
			children = (
				E9782FB624E7A1D3009AF5A6 /* Clue_001_Sub3_SBY.mp3 */,
				E9782FB724E7A1D3009AF5A6 /* Clue_022_Sub3_SBY.mp3 */,
				E9782FB824E7A1D3009AF5A6 /* Clue_021_Sub3_SBY.mp3 */,
			);
			path = ChallengeListen;
			sourceTree = "<group>";
		};
		E9782FF424E7A1D8009AF5A6 /* Assets */ = {
			isa = PBXGroup;
			children = (
				E9782F9D24E7A1D3009AF5A6 /* ChallengeChat1 */,
				E9782FAA24E7A1D3009AF5A6 /* ChallengeChat2.1 */,
				E9782F9224E7A1D3009AF5A6 /* ChallengeChat2.2 */,
				E9782FB524E7A1D3009AF5A6 /* ChallengeListen */,
				E9782F7924E7A1D3009AF5A6 /* Vocabulary */,
			);
			path = Assets;
			sourceTree = "<group>";
		};
/* End PBXGroup section */

/* Begin PBXNativeTarget section */
		5A88366C24D905550044F1EA /* Locla */ = {
			isa = PBXNativeTarget;
			buildConfigurationList = 5A88368124D905570044F1EA /* Build configuration list for PBXNativeTarget "Locla" */;
			buildPhases = (
				5A88366924D905550044F1EA /* Sources */,
				5A88366A24D905550044F1EA /* Frameworks */,
				5A88366B24D905550044F1EA /* Resources */,
			);
			buildRules = (
			);
			dependencies = (
			);
			name = Locla;
			productName = Locla;
			productReference = 5A88366D24D905550044F1EA /* Locla.app */;
			productType = "com.apple.product-type.application";
		};
/* End PBXNativeTarget section */

/* Begin PBXProject section */
		5A88366524D905550044F1EA /* Project object */ = {
			isa = PBXProject;
			attributes = {
				LastSwiftUpdateCheck = 1160;
				LastUpgradeCheck = 1160;
				ORGANIZATIONNAME = "Apple Developer Academy";
				TargetAttributes = {
					5A88366C24D905550044F1EA = {
						CreatedOnToolsVersion = 11.6;
					};
				};
			};
			buildConfigurationList = 5A88366824D905550044F1EA /* Build configuration list for PBXProject "Locla" */;
			compatibilityVersion = "Xcode 9.3";
			developmentRegion = en;
			hasScannedForEncodings = 0;
			knownRegions = (
				en,
				Base,
			);
			mainGroup = 5A88366424D905550044F1EA;
			productRefGroup = 5A88366E24D905550044F1EA /* Products */;
			projectDirPath = "";
			projectRoot = "";
			targets = (
				5A88366C24D905550044F1EA /* Locla */,
			);
		};
/* End PBXProject section */

/* Begin PBXResourcesBuildPhase section */
		5A88366B24D905550044F1EA /* Resources */ = {
			isa = PBXResourcesBuildPhase;
			buildActionMask = 2147483647;
			files = (
				E9782FE724E7A1D3009AF5A6 /* Opponent_016_Sub2_SBY.mp3 in Resources */,
				E9782FBD24E7A1D3009AF5A6 /* Makan_SBY.mp3 in Resources */,
				E9782FBC24E7A1D3009AF5A6 /* Kita_SBY.mp3 in Resources */,
				5A9EDA0224E1044900BE1200 /* RandomTip.json in Resources */,
				E9782FC524E7A1D3009AF5A6 /* Harga_SBY.mp3 in Resources */,
				0F3B31A824E2E5E900891C1B /* VocabularyCategoryCell.xib in Resources */,
				E9782FC024E7A1D3009AF5A6 /* Dari_SBY.mp3 in Resources */,
				E9782FE324E7A1D3009AF5A6 /* Opponent_001_Sub2_SBY.mp3 in Resources */,
				E9782FB924E7A1D3009AF5A6 /* Ikan_SBY.mp3 in Resources */,
				E9782FD924E7A1D3009AF5A6 /* Opponent_019_Sub2_SBY.mp3 in Resources */,
				E9782FC724E7A1D3009AF5A6 /* Mau_SBY.mp3 in Resources */,
				E9782FE124E7A1D3009AF5A6 /* Self_005_Sub2_SBY.mp3 in Resources */,
				E9782FC324E7A1D3009AF5A6 /* Berapa_SBY.mp3 in Resources */,
				E9782FD024E7A1D3009AF5A6 /* Kau_SBY.mp3 in Resources */,
				E9782FEC24E7A1D3009AF5A6 /* Opponent_015_Sub2_SBY.mp3 in Resources */,
				E9782FDE24E7A1D3009AF5A6 /* Self_001_Sub2_SBY.mp3 in Resources */,
				5A88369024D908D50044F1EA /* Profile.storyboard in Resources */,
				5A9EDA0724E1044900BE1200 /* Topic.json in Resources */,
				E9782FE824E7A1D3009AF5A6 /* Self_014_Sub2_SBY.mp3 in Resources */,
				5A9EDA0624E1044900BE1200 /* Location.json in Resources */,
				85C7CA5624E49A2E0025E1AA /* ListKosakataTableViewCell.xib in Resources */,
				E9782FDB24E7A1D3009AF5A6 /* Opponent_004_Sub2_SBY.mp3 in Resources */,
				E9782FDC24E7A1D3009AF5A6 /* Opponent_003_Sub2_SBY.mp3 in Resources */,
				E9782FBE24E7A1D3009AF5A6 /* Satu_SBY.mp3 in Resources */,
				E9782FEF24E7A1D3009AF5A6 /* Opponent_014_Sub2_SBY.mp3 in Resources */,
				856E7FCB24E3AA270044CB36 /* NewWordsCollectionViewCell.xib in Resources */,
				E9782FF224E7A1D3009AF5A6 /* Clue_022_Sub3_SBY.mp3 in Resources */,
				E9782FE924E7A1D3009AF5A6 /* Self_013_Sub2_SBY.mp3 in Resources */,
				E9782FCA24E7A1D3009AF5A6 /* Nasi_SBY.mp3 in Resources */,
				E9782FC824E7A1D3009AF5A6 /* Cuman_SBY.mp3 in Resources */,
				5A88368C24D908A90044F1EA /* Vocabulary.storyboard in Resources */,
				E9782FE224E7A1D3009AF5A6 /* Self_002_Sub2_SBY.mp3 in Resources */,
				5A4F4B3B24E431D000874C0F /* FillInTheBlank.xib in Resources */,
				E9782FEB24E7A1D3009AF5A6 /* Self_015_Sub2_SBY.mp3 in Resources */,
				E9782FBA24E7A1D3009AF5A6 /* Jualan_SBY.mp3 in Resources */,
				856E7FAB24E2B91F0044CB36 /* Lesson.storyboard in Resources */,
				E9782FC424E7A1D3009AF5A6 /* Beli_SBY.mp3 in Resources */,
				E9782FDF24E7A1D3009AF5A6 /* Opponent_002_Sub2_SBY.mp3 in Resources */,
				E9782FDD24E7A1D3009AF5A6 /* Self_006_Sub2_SBY.mp3 in Resources */,
				5A9EDA0124E1044900BE1200 /* VocabularyChallenge.json in Resources */,
				5A9EDA0324E1044900BE1200 /* Subtopic.json in Resources */,
				E9782FC224E7A1D3009AF5A6 /* Di_SBY.mp3 in Resources */,
				E9782FD424E7A1D3009AF5A6 /* Opponent_017_Sub2_SBY.mp3 in Resources */,
				E9782FC624E7A1D3009AF5A6 /* Siapa_SBY.mp3 in Resources */,
				856E7FB324E2B93B0044CB36 /* SubtopikCollectionViewCell.xib in Resources */,
				856E7FB724E2CC090044CB36 /* Mendengarkan.storyboard in Resources */,
				E9782FC124E7A1D3009AF5A6 /* Mana_SBY.mp3 in Resources */,
				E9782FCE24E7A1D3009AF5A6 /* Ngapain_SBY.mp3 in Resources */,
				5A88367D24D905570044F1EA /* LaunchScreen.storyboard in Resources */,
				E9782FE624E7A1D3009AF5A6 /* Self_004_Sub2_SBY.mp3 in Resources */,
				E9782FE424E7A1D3009AF5A6 /* Opponent_006_Sub2_SBY.mp3 in Resources */,
				5A9EDA0A24E1044900BE1200 /* Reward.json in Resources */,
				856E7FB124E2B93B0044CB36 /* TopikCollectionViewCell.xib in Resources */,
				E9782FD824E7A1D3009AF5A6 /* Self_020_Sub2_SBY.mp3 in Resources */,
				E9782FF124E7A1D3009AF5A6 /* Clue_001_Sub3_SBY.mp3 in Resources */,
				E9782FED24E7A1D3009AF5A6 /* Opponent_012_Sub2_SBY.mp3 in Resources */,
				85C7CA4724E47E450025E1AA /* Kosakata.storyboard in Resources */,
				E9782FD524E7A1D3009AF5A6 /* Opponent_021_Sub2_SBY.mp3 in Resources */,
				E9782FC924E7A1D3009AF5A6 /* Kembalian_SBY.mp3 in Resources */,
				5A9EDA0524E1044900BE1200 /* ListeningChallenge.json in Resources */,
				E9782FCF24E7A1D3009AF5A6 /* Cari_SBY.mp3 in Resources */,
				5A88367A24D905570044F1EA /* Assets.xcassets in Resources */,
				E9782FD324E7A1D3009AF5A6 /* Opponent_020_Sub2_SBY.mp3 in Resources */,
				E9782FCD24E7A1D3009AF5A6 /* Nama_SBY.mp3 in Resources */,
				85C7CA4124E4228B0025E1AA /* CustomAlert.storyboard in Resources */,
				E9782FF324E7A1D3009AF5A6 /* Clue_021_Sub3_SBY.mp3 in Resources */,
				E9782FEA24E7A1D3009AF5A6 /* Self_012_Sub2_SBY.mp3 in Resources */,
				E9782FCC24E7A1D3009AF5A6 /* Kamu_SBY.mp3 in Resources */,
				5A34873C24E37BEE00FC55E2 /* RewardCategory.json in Resources */,
				E9782FEE24E7A1D3009AF5A6 /* Opponent_013_Sub2_SBY.mp3 in Resources */,
				E9782FDA24E7A1D3009AF5A6 /* Opponent_018_Sub2_SBY.mp3 in Resources */,
				5A88367824D905550044F1EA /* Main.storyboard in Resources */,
				E9782FE024E7A1D3009AF5A6 /* Opponent_005_Sub2_SBY.mp3 in Resources */,
				E9782FD724E7A1D3009AF5A6 /* Self_017_Sub2_SBY.mp3 in Resources */,
				5A9EDA0824E1044900BE1200 /* VocabularyCategory.json in Resources */,
				5A9EDA0924E1044900BE1200 /* Vocabulary.json in Resources */,
				E9782FBB24E7A1D3009AF5A6 /* Apa_SBY.mp3 in Resources */,
				E9782FD624E7A1D3009AF5A6 /* Self_021_Sub2_SBY.mp3 in Resources */,
				E9782FCB24E7A1D3009AF5A6 /* Belanja_SBY.mp3 in Resources */,
				E9782FD124E7A1D3009AF5A6 /* Self_018_Sub2_SBY.mp3 in Resources */,
				5A9EDA0424E1044900BE1200 /* ChatChallenge.json in Resources */,
				E9782FD224E7A1D3009AF5A6 /* Self_019_Sub2_SBY.mp3 in Resources */,
				E9782FF024E7A1D3009AF5A6 /* Self_016_Sub2_SBY.mp3 in Resources */,
				E9782FBF24E7A1D3009AF5A6 /* Teman_SBY.mp3 in Resources */,
				E9782FE524E7A1D3009AF5A6 /* Self_003_Sub2_SBY.mp3 in Resources */,
			);
			runOnlyForDeploymentPostprocessing = 0;
		};
/* End PBXResourcesBuildPhase section */

/* Begin PBXSourcesBuildPhase section */
		5A88366924D905550044F1EA /* Sources */ = {
			isa = PBXSourcesBuildPhase;
			buildActionMask = 2147483647;
			files = (
				5A88369924D90D3F0044F1EA /* ProfileVC.swift in Sources */,
				5A0D2BAC24E8205F00FAE3EF /* RewardCollectionViewCell.swift in Sources */,
				85C7CA5124E483360025E1AA /* ListKosakataVC.swift in Sources */,
				85C7CA3E24E421C50025E1AA /* AlertStarVC.swift in Sources */,
				85C7CA4924E482900025E1AA /* IntroKosakataVC.swift in Sources */,
				5A9ED9E424E0FB0B00BE1200 /* ListeningChallenge.swift in Sources */,
				5A9ED9EE24E0FE1300BE1200 /* Topic.swift in Sources */,
				5A9EDA0D24E105C700BE1200 /* DataLoader.swift in Sources */,
				5A9ED9F024E0FFD000BE1200 /* Vocabulary.swift in Sources */,
				5A9ED9F624E1021B00BE1200 /* VocabularyCategory.swift in Sources */,
				5A88369924D90D3F0044F1EA /* ProfileVC.swift in Sources */,
				85C7CA4F24E482E40025E1AA /* ChallengeKosakataVC.swift in Sources */,
				856E7FCA24E3AA270044CB36 /* NewWordsCollectionViewCell.swift in Sources */,
				5A9ED9E624E0FB5400BE1200 /* Location.swift in Sources */,
				5A88367124D905550044F1EA /* AppDelegate.swift in Sources */,
				856E7FC624E3A9590044CB36 /* ListeningResultVC.swift in Sources */,
				5A9ED9EA24E0FCF900BE1200 /* Reward.swift in Sources */,
				85C7CA5524E49A2E0025E1AA /* ListKosakataTableViewCell.swift in Sources */,
				850BF72224E4DDAB00B5DE88 /* FillTheBlank.swift in Sources */,
				5A88369724D90D230044F1EA /* VocabularyVC.swift in Sources */,
				5A72BC4D24EA36E000DB71F9 /* DetailRewardVC.swift in Sources */,
				0F3B31A724E2E5E900891C1B /* VocabularyCategoryCell.swift in Sources */,
				0F4B000724E425E70070CA25 /* SearchBarVC.swift in Sources */,
				5A88367324D905550044F1EA /* SceneDelegate.swift in Sources */,
				85FDE82024EA1FE300D0B753 /* Petunjuk.swift in Sources */,
				0F3B31A224E2E5DA00891C1B /* VocabularyDetailVC.swift in Sources */,
				856E7FB424E2B93B0044CB36 /* TopikCollectionViewCell.swift in Sources */,
				856E7FB224E2B93B0044CB36 /* SubtopikCollectionViewCell.swift in Sources */,
				856E7FC024E317480044CB36 /* IntroListeningVC.swift in Sources */,
				5AE13E0624E280A4003A077E /* LessonVC.swift in Sources */,
				5A34873E24E3844200FC55E2 /* UIColor.swift in Sources */,
				0F3B31A624E2E5E900891C1B /* VocabCategoryDetailsCell.swift in Sources */,
				E92092BB24E191E7006D254A /* RewardCategoryVC.swift in Sources */,
				5A9ED9F424E1016B00BE1200 /* VocabularyChallenge.swift in Sources */,
				85C7CA4424E471330025E1AA /* AlertExitVC.swift in Sources */,
				856E7FC424E3178E0044CB36 /* ChallengeListeningVC.swift in Sources */,
				5AA5714B24E6DF4500F21D72 /* RewardCategoryCollectionViewCell.swift in Sources */,
				5A34873A24E379AA00FC55E2 /* RewardCategory.swift in Sources */,
				5A88367324D905550044F1EA /* SceneDelegate.swift in Sources */,
				5A9ED9E824E0FBEB00BE1200 /* RandomTip.swift in Sources */,
				856E7FC224E3176F0044CB36 /* DialogListeningVC.swift in Sources */,
				5A0D2BAE24E8207F00FAE3EF /* RewardVC.swift in Sources */,
				85C7CA4D24E482C90025E1AA /* KosakataResultVC.swift in Sources */,
				856E7FA924E2B8FE0044CB36 /* SubtopikVC.swift in Sources */,
				5A9ED9E224E0FA4F00BE1200 /* ChatChallenge.swift in Sources */,
				0F4B000924E426890070CA25 /* SearchBarResultCell.swift in Sources */,
				5A9ED9EC24E0FDAE00BE1200 /* Subtopic.swift in Sources */,
			);
			runOnlyForDeploymentPostprocessing = 0;
		};
/* End PBXSourcesBuildPhase section */

/* Begin PBXVariantGroup section */
		5A88367624D905550044F1EA /* Main.storyboard */ = {
			isa = PBXVariantGroup;
			children = (
				5A88367724D905550044F1EA /* Base */,
			);
			name = Main.storyboard;
			sourceTree = "<group>";
		};
		5A88367B24D905570044F1EA /* LaunchScreen.storyboard */ = {
			isa = PBXVariantGroup;
			children = (
				5A88367C24D905570044F1EA /* Base */,
			);
			name = LaunchScreen.storyboard;
			sourceTree = "<group>";
		};
/* End PBXVariantGroup section */

/* Begin XCBuildConfiguration section */
		5A88367F24D905570044F1EA /* Debug */ = {
			isa = XCBuildConfiguration;
			buildSettings = {
				ALWAYS_SEARCH_USER_PATHS = NO;
				CLANG_ANALYZER_NONNULL = YES;
				CLANG_ANALYZER_NUMBER_OBJECT_CONVERSION = YES_AGGRESSIVE;
				CLANG_CXX_LANGUAGE_STANDARD = "gnu++14";
				CLANG_CXX_LIBRARY = "libc++";
				CLANG_ENABLE_MODULES = YES;
				CLANG_ENABLE_OBJC_ARC = YES;
				CLANG_ENABLE_OBJC_WEAK = YES;
				CLANG_WARN_BLOCK_CAPTURE_AUTORELEASING = YES;
				CLANG_WARN_BOOL_CONVERSION = YES;
				CLANG_WARN_COMMA = YES;
				CLANG_WARN_CONSTANT_CONVERSION = YES;
				CLANG_WARN_DEPRECATED_OBJC_IMPLEMENTATIONS = YES;
				CLANG_WARN_DIRECT_OBJC_ISA_USAGE = YES_ERROR;
				CLANG_WARN_DOCUMENTATION_COMMENTS = YES;
				CLANG_WARN_EMPTY_BODY = YES;
				CLANG_WARN_ENUM_CONVERSION = YES;
				CLANG_WARN_INFINITE_RECURSION = YES;
				CLANG_WARN_INT_CONVERSION = YES;
				CLANG_WARN_NON_LITERAL_NULL_CONVERSION = YES;
				CLANG_WARN_OBJC_IMPLICIT_RETAIN_SELF = YES;
				CLANG_WARN_OBJC_LITERAL_CONVERSION = YES;
				CLANG_WARN_OBJC_ROOT_CLASS = YES_ERROR;
				CLANG_WARN_RANGE_LOOP_ANALYSIS = YES;
				CLANG_WARN_STRICT_PROTOTYPES = YES;
				CLANG_WARN_SUSPICIOUS_MOVE = YES;
				CLANG_WARN_UNGUARDED_AVAILABILITY = YES_AGGRESSIVE;
				CLANG_WARN_UNREACHABLE_CODE = YES;
				CLANG_WARN__DUPLICATE_METHOD_MATCH = YES;
				COPY_PHASE_STRIP = NO;
				DEBUG_INFORMATION_FORMAT = dwarf;
				ENABLE_STRICT_OBJC_MSGSEND = YES;
				ENABLE_TESTABILITY = YES;
				GCC_C_LANGUAGE_STANDARD = gnu11;
				GCC_DYNAMIC_NO_PIC = NO;
				GCC_NO_COMMON_BLOCKS = YES;
				GCC_OPTIMIZATION_LEVEL = 0;
				GCC_PREPROCESSOR_DEFINITIONS = (
					"DEBUG=1",
					"$(inherited)",
				);
				GCC_WARN_64_TO_32_BIT_CONVERSION = YES;
				GCC_WARN_ABOUT_RETURN_TYPE = YES_ERROR;
				GCC_WARN_UNDECLARED_SELECTOR = YES;
				GCC_WARN_UNINITIALIZED_AUTOS = YES_AGGRESSIVE;
				GCC_WARN_UNUSED_FUNCTION = YES;
				GCC_WARN_UNUSED_VARIABLE = YES;
				IPHONEOS_DEPLOYMENT_TARGET = 13.6;
				MTL_ENABLE_DEBUG_INFO = INCLUDE_SOURCE;
				MTL_FAST_MATH = YES;
				ONLY_ACTIVE_ARCH = YES;
				SDKROOT = iphoneos;
				SWIFT_ACTIVE_COMPILATION_CONDITIONS = DEBUG;
				SWIFT_OPTIMIZATION_LEVEL = "-Onone";
			};
			name = Debug;
		};
		5A88368024D905570044F1EA /* Release */ = {
			isa = XCBuildConfiguration;
			buildSettings = {
				ALWAYS_SEARCH_USER_PATHS = NO;
				CLANG_ANALYZER_NONNULL = YES;
				CLANG_ANALYZER_NUMBER_OBJECT_CONVERSION = YES_AGGRESSIVE;
				CLANG_CXX_LANGUAGE_STANDARD = "gnu++14";
				CLANG_CXX_LIBRARY = "libc++";
				CLANG_ENABLE_MODULES = YES;
				CLANG_ENABLE_OBJC_ARC = YES;
				CLANG_ENABLE_OBJC_WEAK = YES;
				CLANG_WARN_BLOCK_CAPTURE_AUTORELEASING = YES;
				CLANG_WARN_BOOL_CONVERSION = YES;
				CLANG_WARN_COMMA = YES;
				CLANG_WARN_CONSTANT_CONVERSION = YES;
				CLANG_WARN_DEPRECATED_OBJC_IMPLEMENTATIONS = YES;
				CLANG_WARN_DIRECT_OBJC_ISA_USAGE = YES_ERROR;
				CLANG_WARN_DOCUMENTATION_COMMENTS = YES;
				CLANG_WARN_EMPTY_BODY = YES;
				CLANG_WARN_ENUM_CONVERSION = YES;
				CLANG_WARN_INFINITE_RECURSION = YES;
				CLANG_WARN_INT_CONVERSION = YES;
				CLANG_WARN_NON_LITERAL_NULL_CONVERSION = YES;
				CLANG_WARN_OBJC_IMPLICIT_RETAIN_SELF = YES;
				CLANG_WARN_OBJC_LITERAL_CONVERSION = YES;
				CLANG_WARN_OBJC_ROOT_CLASS = YES_ERROR;
				CLANG_WARN_RANGE_LOOP_ANALYSIS = YES;
				CLANG_WARN_STRICT_PROTOTYPES = YES;
				CLANG_WARN_SUSPICIOUS_MOVE = YES;
				CLANG_WARN_UNGUARDED_AVAILABILITY = YES_AGGRESSIVE;
				CLANG_WARN_UNREACHABLE_CODE = YES;
				CLANG_WARN__DUPLICATE_METHOD_MATCH = YES;
				COPY_PHASE_STRIP = NO;
				DEBUG_INFORMATION_FORMAT = "dwarf-with-dsym";
				ENABLE_NS_ASSERTIONS = NO;
				ENABLE_STRICT_OBJC_MSGSEND = YES;
				GCC_C_LANGUAGE_STANDARD = gnu11;
				GCC_NO_COMMON_BLOCKS = YES;
				GCC_WARN_64_TO_32_BIT_CONVERSION = YES;
				GCC_WARN_ABOUT_RETURN_TYPE = YES_ERROR;
				GCC_WARN_UNDECLARED_SELECTOR = YES;
				GCC_WARN_UNINITIALIZED_AUTOS = YES_AGGRESSIVE;
				GCC_WARN_UNUSED_FUNCTION = YES;
				GCC_WARN_UNUSED_VARIABLE = YES;
				IPHONEOS_DEPLOYMENT_TARGET = 13.6;
				MTL_ENABLE_DEBUG_INFO = NO;
				MTL_FAST_MATH = YES;
				SDKROOT = iphoneos;
				SWIFT_COMPILATION_MODE = wholemodule;
				SWIFT_OPTIMIZATION_LEVEL = "-O";
				VALIDATE_PRODUCT = YES;
			};
			name = Release;
		};
		5A88368224D905570044F1EA /* Debug */ = {
			isa = XCBuildConfiguration;
			buildSettings = {
				ASSETCATALOG_COMPILER_APPICON_NAME = AppIcon;
				CODE_SIGN_STYLE = Automatic;
				DEVELOPMENT_TEAM = "";
				INFOPLIST_FILE = Locla/Info.plist;
				LD_RUNPATH_SEARCH_PATHS = (
					"$(inherited)",
					"@executable_path/Frameworks",
				);
				MARKETING_VERSION = 0.1;
				PRODUCT_BUNDLE_IDENTIFIER = com.funtastic4.locla;
				PRODUCT_NAME = "$(TARGET_NAME)";
				SWIFT_VERSION = 5.0;
				TARGETED_DEVICE_FAMILY = "1,2";
			};
			name = Debug;
		};
		5A88368324D905570044F1EA /* Release */ = {
			isa = XCBuildConfiguration;
			buildSettings = {
				ASSETCATALOG_COMPILER_APPICON_NAME = AppIcon;
				CODE_SIGN_IDENTITY = "Apple Development";
				CODE_SIGN_STYLE = Automatic;
				DEVELOPMENT_TEAM = "";
				INFOPLIST_FILE = Locla/Info.plist;
				LD_RUNPATH_SEARCH_PATHS = (
					"$(inherited)",
					"@executable_path/Frameworks",
				);
				MARKETING_VERSION = 0.1;
				PRODUCT_BUNDLE_IDENTIFIER = com.funtastic4.locla;
				PRODUCT_NAME = "$(TARGET_NAME)";
				PROVISIONING_PROFILE_SPECIFIER = "";
				SWIFT_VERSION = 5.0;
				TARGETED_DEVICE_FAMILY = "1,2";
			};
			name = Release;
		};
/* End XCBuildConfiguration section */

/* Begin XCConfigurationList section */
		5A88366824D905550044F1EA /* Build configuration list for PBXProject "Locla" */ = {
			isa = XCConfigurationList;
			buildConfigurations = (
				5A88367F24D905570044F1EA /* Debug */,
				5A88368024D905570044F1EA /* Release */,
			);
			defaultConfigurationIsVisible = 0;
			defaultConfigurationName = Release;
		};
		5A88368124D905570044F1EA /* Build configuration list for PBXNativeTarget "Locla" */ = {
			isa = XCConfigurationList;
			buildConfigurations = (
				5A88368224D905570044F1EA /* Debug */,
				5A88368324D905570044F1EA /* Release */,
			);
			defaultConfigurationIsVisible = 0;
			defaultConfigurationName = Release;
		};
/* End XCConfigurationList section */
	};
	rootObject = 5A88366524D905550044F1EA /* Project object */;
}
